// !$*UTF8*$!
{
	archiveVersion = 1;
	classes = {
	};
	objectVersion = 56;
	objects = {

/* Begin PBXBuildFile section */
		E233696E2B337B1200FEF450 /* publishedApp.swift in Sources */ = {isa = PBXBuildFile; fileRef = E233696D2B337B1200FEF450 /* publishedApp.swift */; };
		E23369702B337B1200FEF450 /* ContentData.swift in Sources */ = {isa = PBXBuildFile; fileRef = E233696F2B337B1200FEF450 /* ContentData.swift */; };
		E23369722B337B1D00FEF450 /* Assets.xcassets in Resources */ = {isa = PBXBuildFile; fileRef = E23369712B337B1D00FEF450 /* Assets.xcassets */; };
		E23369752B337B1D00FEF450 /* Preview Assets.xcassets in Resources */ = {isa = PBXBuildFile; fileRef = E23369742B337B1D00FEF450 /* Preview Assets.xcassets */; };
		E233697F2B337B1E00FEF450 /* publishedTests.swift in Sources */ = {isa = PBXBuildFile; fileRef = E233697E2B337B1E00FEF450 /* publishedTests.swift */; };
		E23369892B337B1E00FEF450 /* publishedUITests.swift in Sources */ = {isa = PBXBuildFile; fileRef = E23369882B337B1E00FEF450 /* publishedUITests.swift */; };
		E233698B2B337B1E00FEF450 /* publishedUITestsLaunchTests.swift in Sources */ = {isa = PBXBuildFile; fileRef = E233698A2B337B1E00FEF450 /* publishedUITestsLaunchTests.swift */; };
		E23369982B33949700FEF450 /* ContentView.swift in Sources */ = {isa = PBXBuildFile; fileRef = E23369972B33949700FEF450 /* ContentView.swift */; };
/* End PBXBuildFile section */

/* Begin PBXContainerItemProxy section */
		E233697B2B337B1E00FEF450 /* PBXContainerItemProxy */ = {
			isa = PBXContainerItemProxy;
			containerPortal = E23369622B337B1200FEF450 /* Project object */;
			proxyType = 1;
			remoteGlobalIDString = E23369692B337B1200FEF450;
			remoteInfo = published;
		};
		E23369852B337B1E00FEF450 /* PBXContainerItemProxy */ = {
			isa = PBXContainerItemProxy;
			containerPortal = E23369622B337B1200FEF450 /* Project object */;
			proxyType = 1;
			remoteGlobalIDString = E23369692B337B1200FEF450;
			remoteInfo = published;
		};
/* End PBXContainerItemProxy section */

/* Begin PBXFileReference section */
		E233696A2B337B1200FEF450 /* published.app */ = {isa = PBXFileReference; explicitFileType = wrapper.application; includeInIndex = 0; path = published.app; sourceTree = BUILT_PRODUCTS_DIR; };
		E233696D2B337B1200FEF450 /* publishedApp.swift */ = {isa = PBXFileReference; lastKnownFileType = sourcecode.swift; path = publishedApp.swift; sourceTree = "<group>"; };
		E233696F2B337B1200FEF450 /* ContentData.swift */ = {isa = PBXFileReference; lastKnownFileType = sourcecode.swift; path = ContentData.swift; sourceTree = "<group>"; };
		E23369712B337B1D00FEF450 /* Assets.xcassets */ = {isa = PBXFileReference; lastKnownFileType = folder.assetcatalog; path = Assets.xcassets; sourceTree = "<group>"; };
		E23369742B337B1D00FEF450 /* Preview Assets.xcassets */ = {isa = PBXFileReference; lastKnownFileType = folder.assetcatalog; path = "Preview Assets.xcassets"; sourceTree = "<group>"; };
		E233697A2B337B1E00FEF450 /* publishedTests.xctest */ = {isa = PBXFileReference; explicitFileType = wrapper.cfbundle; includeInIndex = 0; path = publishedTests.xctest; sourceTree = BUILT_PRODUCTS_DIR; };
		E233697E2B337B1E00FEF450 /* publishedTests.swift */ = {isa = PBXFileReference; lastKnownFileType = sourcecode.swift; path = publishedTests.swift; sourceTree = "<group>"; };
		E23369842B337B1E00FEF450 /* publishedUITests.xctest */ = {isa = PBXFileReference; explicitFileType = wrapper.cfbundle; includeInIndex = 0; path = publishedUITests.xctest; sourceTree = BUILT_PRODUCTS_DIR; };
		E23369882B337B1E00FEF450 /* publishedUITests.swift */ = {isa = PBXFileReference; lastKnownFileType = sourcecode.swift; path = publishedUITests.swift; sourceTree = "<group>"; };
		E233698A2B337B1E00FEF450 /* publishedUITestsLaunchTests.swift */ = {isa = PBXFileReference; lastKnownFileType = sourcecode.swift; path = publishedUITestsLaunchTests.swift; sourceTree = "<group>"; };
		E23369972B33949700FEF450 /* ContentView.swift */ = {isa = PBXFileReference; lastKnownFileType = sourcecode.swift; path = ContentView.swift; sourceTree = "<group>"; };
/* End PBXFileReference section */

/* Begin PBXFrameworksBuildPhase section */
		E23369672B337B1200FEF450 /* Frameworks */ = {
			isa = PBXFrameworksBuildPhase;
			buildActionMask = 2147483647;
			files = (
			);
			runOnlyForDeploymentPostprocessing = 0;
		};
		E23369772B337B1E00FEF450 /* Frameworks */ = {
			isa = PBXFrameworksBuildPhase;
			buildActionMask = 2147483647;
			files = (
			);
			runOnlyForDeploymentPostprocessing = 0;
		};
		E23369812B337B1E00FEF450 /* Frameworks */ = {
			isa = PBXFrameworksBuildPhase;
			buildActionMask = 2147483647;
			files = (
			);
			runOnlyForDeploymentPostprocessing = 0;
		};
/* End PBXFrameworksBuildPhase section */

/* Begin PBXGroup section */
		E23369612B337B1200FEF450 = {
			isa = PBXGroup;
			children = (
				E233696C2B337B1200FEF450 /* published */,
				E233697D2B337B1E00FEF450 /* publishedTests */,
				E23369872B337B1E00FEF450 /* publishedUITests */,
				E233696B2B337B1200FEF450 /* Products */,
			);
			sourceTree = "<group>";
		};
		E233696B2B337B1200FEF450 /* Products */ = {
			isa = PBXGroup;
			children = (
				E233696A2B337B1200FEF450 /* published.app */,
				E233697A2B337B1E00FEF450 /* publishedTests.xctest */,
				E23369842B337B1E00FEF450 /* publishedUITests.xctest */,
			);
			name = Products;
			sourceTree = "<group>";
		};
		E233696C2B337B1200FEF450 /* published */ = {
			isa = PBXGroup;
			children = (
				E233696D2B337B1200FEF450 /* publishedApp.swift */,
				E233696F2B337B1200FEF450 /* ContentData.swift */,
				E23369972B33949700FEF450 /* ContentView.swift */,
				E23369712B337B1D00FEF450 /* Assets.xcassets */,
				E23369732B337B1D00FEF450 /* Preview Content */,
			);
			path = published;
			sourceTree = "<group>";
		};
		E23369732B337B1D00FEF450 /* Preview Content */ = {
			isa = PBXGroup;
			children = (
				E23369742B337B1D00FEF450 /* Preview Assets.xcassets */,
			);
			path = "Preview Content";
			sourceTree = "<group>";
		};
		E233697D2B337B1E00FEF450 /* publishedTests */ = {
			isa = PBXGroup;
			children = (
				E233697E2B337B1E00FEF450 /* publishedTests.swift */,
			);
			path = publishedTests;
			sourceTree = "<group>";
		};
		E23369872B337B1E00FEF450 /* publishedUITests */ = {
			isa = PBXGroup;
			children = (
				E23369882B337B1E00FEF450 /* publishedUITests.swift */,
				E233698A2B337B1E00FEF450 /* publishedUITestsLaunchTests.swift */,
			);
			path = publishedUITests;
			sourceTree = "<group>";
		};
/* End PBXGroup section */

/* Begin PBXNativeTarget section */
		E23369692B337B1200FEF450 /* published */ = {
			isa = PBXNativeTarget;
			buildConfigurationList = E233698E2B337B1E00FEF450 /* Build configuration list for PBXNativeTarget "published" */;
			buildPhases = (
				E23369662B337B1200FEF450 /* Sources */,
				E23369672B337B1200FEF450 /* Frameworks */,
				E23369682B337B1200FEF450 /* Resources */,
			);
			buildRules = (
			);
			dependencies = (
			);
			name = published;
			productName = published;
			productReference = E233696A2B337B1200FEF450 /* published.app */;
			productType = "com.apple.product-type.application";
		};
		E23369792B337B1E00FEF450 /* publishedTests */ = {
			isa = PBXNativeTarget;
			buildConfigurationList = E23369912B337B1E00FEF450 /* Build configuration list for PBXNativeTarget "publishedTests" */;
			buildPhases = (
				E23369762B337B1E00FEF450 /* Sources */,
				E23369772B337B1E00FEF450 /* Frameworks */,
				E23369782B337B1E00FEF450 /* Resources */,
			);
			buildRules = (
			);
			dependencies = (
				E233697C2B337B1E00FEF450 /* PBXTargetDependency */,
			);
			name = publishedTests;
			productName = publishedTests;
			productReference = E233697A2B337B1E00FEF450 /* publishedTests.xctest */;
			productType = "com.apple.product-type.bundle.unit-test";
		};
		E23369832B337B1E00FEF450 /* publishedUITests */ = {
			isa = PBXNativeTarget;
			buildConfigurationList = E23369942B337B1E00FEF450 /* Build configuration list for PBXNativeTarget "publishedUITests" */;
			buildPhases = (
				E23369802B337B1E00FEF450 /* Sources */,
				E23369812B337B1E00FEF450 /* Frameworks */,
				E23369822B337B1E00FEF450 /* Resources */,
			);
			buildRules = (
			);
			dependencies = (
				E23369862B337B1E00FEF450 /* PBXTargetDependency */,
			);
			name = publishedUITests;
			productName = publishedUITests;
			productReference = E23369842B337B1E00FEF450 /* publishedUITests.xctest */;
			productType = "com.apple.product-type.bundle.ui-testing";
		};
/* End PBXNativeTarget section */

/* Begin PBXProject section */
		E23369622B337B1200FEF450 /* Project object */ = {
			isa = PBXProject;
			attributes = {
				BuildIndependentTargetsInParallel = 1;
				LastSwiftUpdateCheck = 1510;
				LastUpgradeCheck = 1510;
				TargetAttributes = {
					E23369692B337B1200FEF450 = {
						CreatedOnToolsVersion = 15.1;
					};
					E23369792B337B1E00FEF450 = {
						CreatedOnToolsVersion = 15.1;
						TestTargetID = E23369692B337B1200FEF450;
					};
					E23369832B337B1E00FEF450 = {
						CreatedOnToolsVersion = 15.1;
						TestTargetID = E23369692B337B1200FEF450;
					};
				};
			};
			buildConfigurationList = E23369652B337B1200FEF450 /* Build configuration list for PBXProject "published" */;
			compatibilityVersion = "Xcode 14.0";
			developmentRegion = en;
			hasScannedForEncodings = 0;
			knownRegions = (
				en,
				Base,
			);
			mainGroup = E23369612B337B1200FEF450;
			productRefGroup = E233696B2B337B1200FEF450 /* Products */;
			projectDirPath = "";
			projectRoot = "";
			targets = (
				E23369692B337B1200FEF450 /* published */,
				E23369792B337B1E00FEF450 /* publishedTests */,
				E23369832B337B1E00FEF450 /* publishedUITests */,
			);
		};
/* End PBXProject section */

/* Begin PBXResourcesBuildPhase section */
		E23369682B337B1200FEF450 /* Resources */ = {
			isa = PBXResourcesBuildPhase;
			buildActionMask = 2147483647;
			files = (
				E23369752B337B1D00FEF450 /* Preview Assets.xcassets in Resources */,
				E23369722B337B1D00FEF450 /* Assets.xcassets in Resources */,
			);
			runOnlyForDeploymentPostprocessing = 0;
		};
		E23369782B337B1E00FEF450 /* Resources */ = {
			isa = PBXResourcesBuildPhase;
			buildActionMask = 2147483647;
			files = (
			);
			runOnlyForDeploymentPostprocessing = 0;
		};
		E23369822B337B1E00FEF450 /* Resources */ = {
			isa = PBXResourcesBuildPhase;
			buildActionMask = 2147483647;
			files = (
			);
			runOnlyForDeploymentPostprocessing = 0;
		};
/* End PBXResourcesBuildPhase section */

/* Begin PBXSourcesBuildPhase section */
		E23369662B337B1200FEF450 /* Sources */ = {
			isa = PBXSourcesBuildPhase;
			buildActionMask = 2147483647;
			files = (
				E23369982B33949700FEF450 /* ContentView.swift in Sources */,
				E23369702B337B1200FEF450 /* ContentData.swift in Sources */,
				E233696E2B337B1200FEF450 /* publishedApp.swift in Sources */,
			);
			runOnlyForDeploymentPostprocessing = 0;
		};
		E23369762B337B1E00FEF450 /* Sources */ = {
			isa = PBXSourcesBuildPhase;
			buildActionMask = 2147483647;
			files = (
				E233697F2B337B1E00FEF450 /* publishedTests.swift in Sources */,
			);
			runOnlyForDeploymentPostprocessing = 0;
		};
		E23369802B337B1E00FEF450 /* Sources */ = {
			isa = PBXSourcesBuildPhase;
			buildActionMask = 2147483647;
			files = (
				E23369892B337B1E00FEF450 /* publishedUITests.swift in Sources */,
				E233698B2B337B1E00FEF450 /* publishedUITestsLaunchTests.swift in Sources */,
			);
			runOnlyForDeploymentPostprocessing = 0;
		};
/* End PBXSourcesBuildPhase section */

/* Begin PBXTargetDependency section */
		E233697C2B337B1E00FEF450 /* PBXTargetDependency */ = {
			isa = PBXTargetDependency;
			target = E23369692B337B1200FEF450 /* published */;
			targetProxy = E233697B2B337B1E00FEF450 /* PBXContainerItemProxy */;
		};
		E23369862B337B1E00FEF450 /* PBXTargetDependency */ = {
			isa = PBXTargetDependency;
			target = E23369692B337B1200FEF450 /* published */;
			targetProxy = E23369852B337B1E00FEF450 /* PBXContainerItemProxy */;
		};
/* End PBXTargetDependency section */

/* Begin XCBuildConfiguration section */
		E233698C2B337B1E00FEF450 /* Debug */ = {
			isa = XCBuildConfiguration;
			buildSettings = {
				ALWAYS_SEARCH_USER_PATHS = NO;
				ASSETCATALOG_COMPILER_GENERATE_SWIFT_ASSET_SYMBOL_EXTENSIONS = YES;
				CLANG_ANALYZER_NONNULL = YES;
				CLANG_ANALYZER_NUMBER_OBJECT_CONVERSION = YES_AGGRESSIVE;
				CLANG_CXX_LANGUAGE_STANDARD = "gnu++20";
				CLANG_ENABLE_MODULES = YES;
				CLANG_ENABLE_OBJC_ARC = YES;
				CLANG_ENABLE_OBJC_WEAK = YES;
				CLANG_WARN_BLOCK_CAPTURE_AUTORELEASING = YES;
				CLANG_WARN_BOOL_CONVERSION = YES;
				CLANG_WARN_COMMA = YES;
				CLANG_WARN_CONSTANT_CONVERSION = YES;
				CLANG_WARN_DEPRECATED_OBJC_IMPLEMENTATIONS = YES;
				CLANG_WARN_DIRECT_OBJC_ISA_USAGE = YES_ERROR;
				CLANG_WARN_DOCUMENTATION_COMMENTS = YES;
				CLANG_WARN_EMPTY_BODY = YES;
				CLANG_WARN_ENUM_CONVERSION = YES;
				CLANG_WARN_INFINITE_RECURSION = YES;
				CLANG_WARN_INT_CONVERSION = YES;
				CLANG_WARN_NON_LITERAL_NULL_CONVERSION = YES;
				CLANG_WARN_OBJC_IMPLICIT_RETAIN_SELF = YES;
				CLANG_WARN_OBJC_LITERAL_CONVERSION = YES;
				CLANG_WARN_OBJC_ROOT_CLASS = YES_ERROR;
				CLANG_WARN_QUOTED_INCLUDE_IN_FRAMEWORK_HEADER = YES;
				CLANG_WARN_RANGE_LOOP_ANALYSIS = YES;
				CLANG_WARN_STRICT_PROTOTYPES = YES;
				CLANG_WARN_SUSPICIOUS_MOVE = YES;
				CLANG_WARN_UNGUARDED_AVAILABILITY = YES_AGGRESSIVE;
				CLANG_WARN_UNREACHABLE_CODE = YES;
				CLANG_WARN__DUPLICATE_METHOD_MATCH = YES;
				COPY_PHASE_STRIP = NO;
				DEBUG_INFORMATION_FORMAT = dwarf;
				ENABLE_STRICT_OBJC_MSGSEND = YES;
				ENABLE_TESTABILITY = YES;
				ENABLE_USER_SCRIPT_SANDBOXING = YES;
				GCC_C_LANGUAGE_STANDARD = gnu17;
				GCC_DYNAMIC_NO_PIC = NO;
				GCC_NO_COMMON_BLOCKS = YES;
				GCC_OPTIMIZATION_LEVEL = 0;
				GCC_PREPROCESSOR_DEFINITIONS = (
					"DEBUG=1",
					"$(inherited)",
				);
				GCC_WARN_64_TO_32_BIT_CONVERSION = YES;
				GCC_WARN_ABOUT_RETURN_TYPE = YES_ERROR;
				GCC_WARN_UNDECLARED_SELECTOR = YES;
				GCC_WARN_UNINITIALIZED_AUTOS = YES_AGGRESSIVE;
				GCC_WARN_UNUSED_FUNCTION = YES;
				GCC_WARN_UNUSED_VARIABLE = YES;
				IPHONEOS_DEPLOYMENT_TARGET = 17.2;
				LOCALIZATION_PREFERS_STRING_CATALOGS = YES;
				MTL_ENABLE_DEBUG_INFO = INCLUDE_SOURCE;
				MTL_FAST_MATH = YES;
				ONLY_ACTIVE_ARCH = YES;
				SDKROOT = iphoneos;
				SWIFT_ACTIVE_COMPILATION_CONDITIONS = "DEBUG $(inherited)";
				SWIFT_OPTIMIZATION_LEVEL = "-Onone";
			};
			name = Debug;
		};
		E233698D2B337B1E00FEF450 /* Release */ = {
			isa = XCBuildConfiguration;
			buildSettings = {
				ALWAYS_SEARCH_USER_PATHS = NO;
				ASSETCATALOG_COMPILER_GENERATE_SWIFT_ASSET_SYMBOL_EXTENSIONS = YES;
				CLANG_ANALYZER_NONNULL = YES;
				CLANG_ANALYZER_NUMBER_OBJECT_CONVERSION = YES_AGGRESSIVE;
				CLANG_CXX_LANGUAGE_STANDARD = "gnu++20";
				CLANG_ENABLE_MODULES = YES;
				CLANG_ENABLE_OBJC_ARC = YES;
				CLANG_ENABLE_OBJC_WEAK = YES;
				CLANG_WARN_BLOCK_CAPTURE_AUTORELEASING = YES;
				CLANG_WARN_BOOL_CONVERSION = YES;
				CLANG_WARN_COMMA = YES;
				CLANG_WARN_CONSTANT_CONVERSION = YES;
				CLANG_WARN_DEPRECATED_OBJC_IMPLEMENTATIONS = YES;
				CLANG_WARN_DIRECT_OBJC_ISA_USAGE = YES_ERROR;
				CLANG_WARN_DOCUMENTATION_COMMENTS = YES;
				CLANG_WARN_EMPTY_BODY = YES;
				CLANG_WARN_ENUM_CONVERSION = YES;
				CLANG_WARN_INFINITE_RECURSION = YES;
				CLANG_WARN_INT_CONVERSION = YES;
				CLANG_WARN_NON_LITERAL_NULL_CONVERSION = YES;
				CLANG_WARN_OBJC_IMPLICIT_RETAIN_SELF = YES;
				CLANG_WARN_OBJC_LITERAL_CONVERSION = YES;
				CLANG_WARN_OBJC_ROOT_CLASS = YES_ERROR;
				CLANG_WARN_QUOTED_INCLUDE_IN_FRAMEWORK_HEADER = YES;
				CLANG_WARN_RANGE_LOOP_ANALYSIS = YES;
				CLANG_WARN_STRICT_PROTOTYPES = YES;
				CLANG_WARN_SUSPICIOUS_MOVE = YES;
				CLANG_WARN_UNGUARDED_AVAILABILITY = YES_AGGRESSIVE;
				CLANG_WARN_UNREACHABLE_CODE = YES;
				CLANG_WARN__DUPLICATE_METHOD_MATCH = YES;
				COPY_PHASE_STRIP = NO;
				DEBUG_INFORMATION_FORMAT = "dwarf-with-dsym";
				ENABLE_NS_ASSERTIONS = NO;
				ENABLE_STRICT_OBJC_MSGSEND = YES;
				ENABLE_USER_SCRIPT_SANDBOXING = YES;
				GCC_C_LANGUAGE_STANDARD = gnu17;
				GCC_NO_COMMON_BLOCKS = YES;
				GCC_WARN_64_TO_32_BIT_CONVERSION = YES;
				GCC_WARN_ABOUT_RETURN_TYPE = YES_ERROR;
				GCC_WARN_UNDECLARED_SELECTOR = YES;
				GCC_WARN_UNINITIALIZED_AUTOS = YES_AGGRESSIVE;
				GCC_WARN_UNUSED_FUNCTION = YES;
				GCC_WARN_UNUSED_VARIABLE = YES;
				IPHONEOS_DEPLOYMENT_TARGET = 17.2;
				LOCALIZATION_PREFERS_STRING_CATALOGS = YES;
				MTL_ENABLE_DEBUG_INFO = NO;
				MTL_FAST_MATH = YES;
				SDKROOT = iphoneos;
				SWIFT_COMPILATION_MODE = wholemodule;
				VALIDATE_PRODUCT = YES;
			};
			name = Release;
		};
		E233698F2B337B1E00FEF450 /* Debug */ = {
			isa = XCBuildConfiguration;
			buildSettings = {
				ASSETCATALOG_COMPILER_APPICON_NAME = AppIcon;
				ASSETCATALOG_COMPILER_GLOBAL_ACCENT_COLOR_NAME = AccentColor;
				CODE_SIGN_STYLE = Automatic;
				CURRENT_PROJECT_VERSION = 1;
				DEVELOPMENT_ASSET_PATHS = "\"published/Preview Content\"";
				DEVELOPMENT_TEAM = K83T4H8C92;
				ENABLE_PREVIEWS = YES;
				GENERATE_INFOPLIST_FILE = YES;
				INFOPLIST_KEY_UIApplicationSceneManifest_Generation = YES;
				INFOPLIST_KEY_UIApplicationSupportsIndirectInputEvents = YES;
				INFOPLIST_KEY_UILaunchScreen_Generation = YES;
				INFOPLIST_KEY_UISupportedInterfaceOrientations_iPad = "UIInterfaceOrientationPortrait UIInterfaceOrientationPortraitUpsideDown UIInterfaceOrientationLandscapeLeft UIInterfaceOrientationLandscapeRight";
				INFOPLIST_KEY_UISupportedInterfaceOrientations_iPhone = "UIInterfaceOrientationPortrait UIInterfaceOrientationLandscapeLeft UIInterfaceOrientationLandscapeRight";
				LD_RUNPATH_SEARCH_PATHS = (
					"$(inherited)",
					"@executable_path/Frameworks",
				);
				MARKETING_VERSION = 1.0;
				PRODUCT_BUNDLE_IDENTIFIER = com.lehi.published;
				PRODUCT_NAME = "$(TARGET_NAME)";
				SWIFT_EMIT_LOC_STRINGS = YES;
				SWIFT_VERSION = 5.0;
				TARGETED_DEVICE_FAMILY = "1,2";
			};
			name = Debug;
		};
		E23369902B337B1E00FEF450 /* Release */ = {
			isa = XCBuildConfiguration;
			buildSettings = {
				ASSETCATALOG_COMPILER_APPICON_NAME = AppIcon;
				ASSETCATALOG_COMPILER_GLOBAL_ACCENT_COLOR_NAME = AccentColor;
				CODE_SIGN_STYLE = Automatic;
				CURRENT_PROJECT_VERSION = 1;
				DEVELOPMENT_ASSET_PATHS = "\"published/Preview Content\"";
				DEVELOPMENT_TEAM = K83T4H8C92;
				ENABLE_PREVIEWS = YES;
				GENERATE_INFOPLIST_FILE = YES;
				INFOPLIST_KEY_UIApplicationSceneManifest_Generation = YES;
				INFOPLIST_KEY_UIApplicationSupportsIndirectInputEvents = YES;
				INFOPLIST_KEY_UILaunchScreen_Generation = YES;
				INFOPLIST_KEY_UISupportedInterfaceOrientations_iPad = "UIInterfaceOrientationPortrait UIInterfaceOrientationPortraitUpsideDown UIInterfaceOrientationLandscapeLeft UIInterfaceOrientationLandscapeRight";
				INFOPLIST_KEY_UISupportedInterfaceOrientations_iPhone = "UIInterfaceOrientationPortrait UIInterfaceOrientationLandscapeLeft UIInterfaceOrientationLandscapeRight";
				LD_RUNPATH_SEARCH_PATHS = (
					"$(inherited)",
					"@executable_path/Frameworks",
				);
				MARKETING_VERSION = 1.0;
				PRODUCT_BUNDLE_IDENTIFIER = com.lehi.published;
				PRODUCT_NAME = "$(TARGET_NAME)";
				SWIFT_EMIT_LOC_STRINGS = YES;
				SWIFT_VERSION = 5.0;
				TARGETED_DEVICE_FAMILY = "1,2";
			};
			name = Release;
		};
		E23369922B337B1E00FEF450 /* Debug */ = {
			isa = XCBuildConfiguration;
			buildSettings = {
				ALWAYS_EMBED_SWIFT_STANDARD_LIBRARIES = YES;
				BUNDLE_LOADER = "$(TEST_HOST)";
				CODE_SIGN_STYLE = Automatic;
				CURRENT_PROJECT_VERSION = 1;
				DEVELOPMENT_TEAM = K83T4H8C92;
				GENERATE_INFOPLIST_FILE = YES;
				IPHONEOS_DEPLOYMENT_TARGET = 17.2;
				MARKETING_VERSION = 1.0;
				PRODUCT_BUNDLE_IDENTIFIER = com.lehi.publishedTests;
				PRODUCT_NAME = "$(TARGET_NAME)";
				SWIFT_EMIT_LOC_STRINGS = NO;
				SWIFT_VERSION = 5.0;
				TARGETED_DEVICE_FAMILY = "1,2";
				TEST_HOST = "$(BUILT_PRODUCTS_DIR)/published.app/$(BUNDLE_EXECUTABLE_FOLDER_PATH)/published";
			};
			name = Debug;
		};
		E23369932B337B1E00FEF450 /* Release */ = {
			isa = XCBuildConfiguration;
			buildSettings = {
				ALWAYS_EMBED_SWIFT_STANDARD_LIBRARIES = YES;
				BUNDLE_LOADER = "$(TEST_HOST)";
				CODE_SIGN_STYLE = Automatic;
				CURRENT_PROJECT_VERSION = 1;
				DEVELOPMENT_TEAM = K83T4H8C92;
				GENERATE_INFOPLIST_FILE = YES;
				IPHONEOS_DEPLOYMENT_TARGET = 17.2;
				MARKETING_VERSION = 1.0;
				PRODUCT_BUNDLE_IDENTIFIER = com.lehi.publishedTests;
				PRODUCT_NAME = "$(TARGET_NAME)";
				SWIFT_EMIT_LOC_STRINGS = NO;
				SWIFT_VERSION = 5.0;
				TARGETED_DEVICE_FAMILY = "1,2";
				TEST_HOST = "$(BUILT_PRODUCTS_DIR)/published.app/$(BUNDLE_EXECUTABLE_FOLDER_PATH)/published";
			};
			name = Release;
		};
		E23369952B337B1E00FEF450 /* Debug */ = {
			isa = XCBuildConfiguration;
			buildSettings = {
				ALWAYS_EMBED_SWIFT_STANDARD_LIBRARIES = YES;
				CODE_SIGN_STYLE = Automatic;
				CURRENT_PROJECT_VERSION = 1;
				DEVELOPMENT_TEAM = K83T4H8C92;
				GENERATE_INFOPLIST_FILE = YES;
				MARKETING_VERSION = 1.0;
				PRODUCT_BUNDLE_IDENTIFIER = com.lehi.publishedUITests;
				PRODUCT_NAME = "$(TARGET_NAME)";
				SWIFT_EMIT_LOC_STRINGS = NO;
				SWIFT_VERSION = 5.0;
				TARGETED_DEVICE_FAMILY = "1,2";
				TEST_TARGET_NAME = published;
			};
			name = Debug;
		};
		E23369962B337B1E00FEF450 /* Release */ = {
			isa = XCBuildConfiguration;
			buildSettings = {
				ALWAYS_EMBED_SWIFT_STANDARD_LIBRARIES = YES;
				CODE_SIGN_STYLE = Automatic;
				CURRENT_PROJECT_VERSION = 1;
				DEVELOPMENT_TEAM = K83T4H8C92;
				GENERATE_INFOPLIST_FILE = YES;
				MARKETING_VERSION = 1.0;
				PRODUCT_BUNDLE_IDENTIFIER = com.lehi.publishedUITests;
				PRODUCT_NAME = "$(TARGET_NAME)";
				SWIFT_EMIT_LOC_STRINGS = NO;
				SWIFT_VERSION = 5.0;
				TARGETED_DEVICE_FAMILY = "1,2";
				TEST_TARGET_NAME = published;
			};
			name = Release;
		};
/* End XCBuildConfiguration section */

/* Begin XCConfigurationList section */
		E23369652B337B1200FEF450 /* Build configuration list for PBXProject "published" */ = {
			isa = XCConfigurationList;
			buildConfigurations = (
				E233698C2B337B1E00FEF450 /* Debug */,
				E233698D2B337B1E00FEF450 /* Release */,
			);
			defaultConfigurationIsVisible = 0;
			defaultConfigurationName = Release;
		};
		E233698E2B337B1E00FEF450 /* Build configuration list for PBXNativeTarget "published" */ = {
			isa = XCConfigurationList;
			buildConfigurations = (
				E233698F2B337B1E00FEF450 /* Debug */,
				E23369902B337B1E00FEF450 /* Release */,
			);
			defaultConfigurationIsVisible = 0;
			defaultConfigurationName = Release;
		};
		E23369912B337B1E00FEF450 /* Build configuration list for PBXNativeTarget "publishedTests" */ = {
			isa = XCConfigurationList;
			buildConfigurations = (
				E23369922B337B1E00FEF450 /* Debug */,
				E23369932B337B1E00FEF450 /* Release */,
			);
			defaultConfigurationIsVisible = 0;
			defaultConfigurationName = Release;
		};
		E23369942B337B1E00FEF450 /* Build configuration list for PBXNativeTarget "publishedUITests" */ = {
			isa = XCConfigurationList;
			buildConfigurations = (
				E23369952B337B1E00FEF450 /* Debug */,
				E23369962B337B1E00FEF450 /* Release */,
			);
			defaultConfigurationIsVisible = 0;
			defaultConfigurationName = Release;
		};
/* End XCConfigurationList section */
	};
	rootObject = E23369622B337B1200FEF450 /* Project object */;
}
