// !$*UTF8*$!
{
	archiveVersion = 1;
	classes = {
	};
	objectVersion = 56;
	objects = {

/* Begin PBXBuildFile section */
		E2EB6E5D2AAC21A50079CA40 /* HW2SwiftFunctionsApp.swift in Sources */ = {isa = PBXBuildFile; fileRef = E2EB6E5C2AAC21A50079CA40 /* HW2SwiftFunctionsApp.swift */; };
		E2EB6E5F2AAC21A50079CA40 /* ContentView.swift in Sources */ = {isa = PBXBuildFile; fileRef = E2EB6E5E2AAC21A50079CA40 /* ContentView.swift */; };
		E2EB6E612AAC21A80079CA40 /* Assets.xcassets in Resources */ = {isa = PBXBuildFile; fileRef = E2EB6E602AAC21A80079CA40 /* Assets.xcassets */; };
		E2EB6E642AAC21A80079CA40 /* Preview Assets.xcassets in Resources */ = {isa = PBXBuildFile; fileRef = E2EB6E632AAC21A80079CA40 /* Preview Assets.xcassets */; };
		E2EB6E6E2AAC21A80079CA40 /* HW2SwiftFunctionsTests.swift in Sources */ = {isa = PBXBuildFile; fileRef = E2EB6E6D2AAC21A80079CA40 /* HW2SwiftFunctionsTests.swift */; };
		E2EB6E782AAC21A80079CA40 /* HW2SwiftFunctionsUITests.swift in Sources */ = {isa = PBXBuildFile; fileRef = E2EB6E772AAC21A80079CA40 /* HW2SwiftFunctionsUITests.swift */; };
		E2EB6E7A2AAC21A80079CA40 /* HW2SwiftFunctionsUITestsLaunchTests.swift in Sources */ = {isa = PBXBuildFile; fileRef = E2EB6E792AAC21A80079CA40 /* HW2SwiftFunctionsUITestsLaunchTests.swift */; };
/* End PBXBuildFile section */

/* Begin PBXContainerItemProxy section */
		E2EB6E6A2AAC21A80079CA40 /* PBXContainerItemProxy */ = {
			isa = PBXContainerItemProxy;
			containerPortal = E2EB6E512AAC21A50079CA40 /* Project object */;
			proxyType = 1;
			remoteGlobalIDString = E2EB6E582AAC21A50079CA40;
			remoteInfo = HW2SwiftFunctions;
		};
		E2EB6E742AAC21A80079CA40 /* PBXContainerItemProxy */ = {
			isa = PBXContainerItemProxy;
			containerPortal = E2EB6E512AAC21A50079CA40 /* Project object */;
			proxyType = 1;
			remoteGlobalIDString = E2EB6E582AAC21A50079CA40;
			remoteInfo = HW2SwiftFunctions;
		};
/* End PBXContainerItemProxy section */

/* Begin PBXFileReference section */
		E2EB6E592AAC21A50079CA40 /* HW2SwiftFunctions.app */ = {isa = PBXFileReference; explicitFileType = wrapper.application; includeInIndex = 0; path = HW2SwiftFunctions.app; sourceTree = BUILT_PRODUCTS_DIR; };
		E2EB6E5C2AAC21A50079CA40 /* HW2SwiftFunctionsApp.swift */ = {isa = PBXFileReference; lastKnownFileType = sourcecode.swift; path = HW2SwiftFunctionsApp.swift; sourceTree = "<group>"; };
		E2EB6E5E2AAC21A50079CA40 /* ContentView.swift */ = {isa = PBXFileReference; lastKnownFileType = sourcecode.swift; path = ContentView.swift; sourceTree = "<group>"; };
		E2EB6E602AAC21A80079CA40 /* Assets.xcassets */ = {isa = PBXFileReference; lastKnownFileType = folder.assetcatalog; path = Assets.xcassets; sourceTree = "<group>"; };
		E2EB6E632AAC21A80079CA40 /* Preview Assets.xcassets */ = {isa = PBXFileReference; lastKnownFileType = folder.assetcatalog; path = "Preview Assets.xcassets"; sourceTree = "<group>"; };
		E2EB6E692AAC21A80079CA40 /* HW2SwiftFunctionsTests.xctest */ = {isa = PBXFileReference; explicitFileType = wrapper.cfbundle; includeInIndex = 0; path = HW2SwiftFunctionsTests.xctest; sourceTree = BUILT_PRODUCTS_DIR; };
		E2EB6E6D2AAC21A80079CA40 /* HW2SwiftFunctionsTests.swift */ = {isa = PBXFileReference; lastKnownFileType = sourcecode.swift; path = HW2SwiftFunctionsTests.swift; sourceTree = "<group>"; };
		E2EB6E732AAC21A80079CA40 /* HW2SwiftFunctionsUITests.xctest */ = {isa = PBXFileReference; explicitFileType = wrapper.cfbundle; includeInIndex = 0; path = HW2SwiftFunctionsUITests.xctest; sourceTree = BUILT_PRODUCTS_DIR; };
		E2EB6E772AAC21A80079CA40 /* HW2SwiftFunctionsUITests.swift */ = {isa = PBXFileReference; lastKnownFileType = sourcecode.swift; path = HW2SwiftFunctionsUITests.swift; sourceTree = "<group>"; };
		E2EB6E792AAC21A80079CA40 /* HW2SwiftFunctionsUITestsLaunchTests.swift */ = {isa = PBXFileReference; lastKnownFileType = sourcecode.swift; path = HW2SwiftFunctionsUITestsLaunchTests.swift; sourceTree = "<group>"; };
/* End PBXFileReference section */

/* Begin PBXFrameworksBuildPhase section */
		E2EB6E562AAC21A50079CA40 /* Frameworks */ = {
			isa = PBXFrameworksBuildPhase;
			buildActionMask = 2147483647;
			files = (
			);
			runOnlyForDeploymentPostprocessing = 0;
		};
		E2EB6E662AAC21A80079CA40 /* Frameworks */ = {
			isa = PBXFrameworksBuildPhase;
			buildActionMask = 2147483647;
			files = (
			);
			runOnlyForDeploymentPostprocessing = 0;
		};
		E2EB6E702AAC21A80079CA40 /* Frameworks */ = {
			isa = PBXFrameworksBuildPhase;
			buildActionMask = 2147483647;
			files = (
			);
			runOnlyForDeploymentPostprocessing = 0;
		};
/* End PBXFrameworksBuildPhase section */

/* Begin PBXGroup section */
		E2EB6E502AAC21A50079CA40 = {
			isa = PBXGroup;
			children = (
				E2EB6E5B2AAC21A50079CA40 /* HW2SwiftFunctions */,
				E2EB6E6C2AAC21A80079CA40 /* HW2SwiftFunctionsTests */,
				E2EB6E762AAC21A80079CA40 /* HW2SwiftFunctionsUITests */,
				E2EB6E5A2AAC21A50079CA40 /* Products */,
			);
			sourceTree = "<group>";
		};
		E2EB6E5A2AAC21A50079CA40 /* Products */ = {
			isa = PBXGroup;
			children = (
				E2EB6E592AAC21A50079CA40 /* HW2SwiftFunctions.app */,
				E2EB6E692AAC21A80079CA40 /* HW2SwiftFunctionsTests.xctest */,
				E2EB6E732AAC21A80079CA40 /* HW2SwiftFunctionsUITests.xctest */,
			);
			name = Products;
			sourceTree = "<group>";
		};
		E2EB6E5B2AAC21A50079CA40 /* HW2SwiftFunctions */ = {
			isa = PBXGroup;
			children = (
				E2EB6E5C2AAC21A50079CA40 /* HW2SwiftFunctionsApp.swift */,
				E2EB6E5E2AAC21A50079CA40 /* ContentView.swift */,
				E2EB6E602AAC21A80079CA40 /* Assets.xcassets */,
				E2EB6E622AAC21A80079CA40 /* Preview Content */,
			);
			path = HW2SwiftFunctions;
			sourceTree = "<group>";
		};
		E2EB6E622AAC21A80079CA40 /* Preview Content */ = {
			isa = PBXGroup;
			children = (
				E2EB6E632AAC21A80079CA40 /* Preview Assets.xcassets */,
			);
			path = "Preview Content";
			sourceTree = "<group>";
		};
		E2EB6E6C2AAC21A80079CA40 /* HW2SwiftFunctionsTests */ = {
			isa = PBXGroup;
			children = (
				E2EB6E6D2AAC21A80079CA40 /* HW2SwiftFunctionsTests.swift */,
			);
			path = HW2SwiftFunctionsTests;
			sourceTree = "<group>";
		};
		E2EB6E762AAC21A80079CA40 /* HW2SwiftFunctionsUITests */ = {
			isa = PBXGroup;
			children = (
				E2EB6E772AAC21A80079CA40 /* HW2SwiftFunctionsUITests.swift */,
				E2EB6E792AAC21A80079CA40 /* HW2SwiftFunctionsUITestsLaunchTests.swift */,
			);
			path = HW2SwiftFunctionsUITests;
			sourceTree = "<group>";
		};
/* End PBXGroup section */

/* Begin PBXNativeTarget section */
		E2EB6E582AAC21A50079CA40 /* HW2SwiftFunctions */ = {
			isa = PBXNativeTarget;
			buildConfigurationList = E2EB6E7D2AAC21A80079CA40 /* Build configuration list for PBXNativeTarget "HW2SwiftFunctions" */;
			buildPhases = (
				E2EB6E552AAC21A50079CA40 /* Sources */,
				E2EB6E562AAC21A50079CA40 /* Frameworks */,
				E2EB6E572AAC21A50079CA40 /* Resources */,
			);
			buildRules = (
			);
			dependencies = (
			);
			name = HW2SwiftFunctions;
			productName = HW2SwiftFunctions;
			productReference = E2EB6E592AAC21A50079CA40 /* HW2SwiftFunctions.app */;
			productType = "com.apple.product-type.application";
		};
		E2EB6E682AAC21A80079CA40 /* HW2SwiftFunctionsTests */ = {
			isa = PBXNativeTarget;
			buildConfigurationList = E2EB6E802AAC21A80079CA40 /* Build configuration list for PBXNativeTarget "HW2SwiftFunctionsTests" */;
			buildPhases = (
				E2EB6E652AAC21A80079CA40 /* Sources */,
				E2EB6E662AAC21A80079CA40 /* Frameworks */,
				E2EB6E672AAC21A80079CA40 /* Resources */,
			);
			buildRules = (
			);
			dependencies = (
				E2EB6E6B2AAC21A80079CA40 /* PBXTargetDependency */,
			);
			name = HW2SwiftFunctionsTests;
			productName = HW2SwiftFunctionsTests;
			productReference = E2EB6E692AAC21A80079CA40 /* HW2SwiftFunctionsTests.xctest */;
			productType = "com.apple.product-type.bundle.unit-test";
		};
		E2EB6E722AAC21A80079CA40 /* HW2SwiftFunctionsUITests */ = {
			isa = PBXNativeTarget;
			buildConfigurationList = E2EB6E832AAC21A80079CA40 /* Build configuration list for PBXNativeTarget "HW2SwiftFunctionsUITests" */;
			buildPhases = (
				E2EB6E6F2AAC21A80079CA40 /* Sources */,
				E2EB6E702AAC21A80079CA40 /* Frameworks */,
				E2EB6E712AAC21A80079CA40 /* Resources */,
			);
			buildRules = (
			);
			dependencies = (
				E2EB6E752AAC21A80079CA40 /* PBXTargetDependency */,
			);
			name = HW2SwiftFunctionsUITests;
			productName = HW2SwiftFunctionsUITests;
			productReference = E2EB6E732AAC21A80079CA40 /* HW2SwiftFunctionsUITests.xctest */;
			productType = "com.apple.product-type.bundle.ui-testing";
		};
/* End PBXNativeTarget section */

/* Begin PBXProject section */
		E2EB6E512AAC21A50079CA40 /* Project object */ = {
			isa = PBXProject;
			attributes = {
				BuildIndependentTargetsInParallel = 1;
				LastSwiftUpdateCheck = 1500;
				LastUpgradeCheck = 1500;
				TargetAttributes = {
					E2EB6E582AAC21A50079CA40 = {
						CreatedOnToolsVersion = 15.0;
					};
					E2EB6E682AAC21A80079CA40 = {
						CreatedOnToolsVersion = 15.0;
						TestTargetID = E2EB6E582AAC21A50079CA40;
					};
					E2EB6E722AAC21A80079CA40 = {
						CreatedOnToolsVersion = 15.0;
						TestTargetID = E2EB6E582AAC21A50079CA40;
					};
				};
			};
			buildConfigurationList = E2EB6E542AAC21A50079CA40 /* Build configuration list for PBXProject "HW2SwiftFunctions" */;
			compatibilityVersion = "Xcode 14.0";
			developmentRegion = en;
			hasScannedForEncodings = 0;
			knownRegions = (
				en,
				Base,
			);
			mainGroup = E2EB6E502AAC21A50079CA40;
			productRefGroup = E2EB6E5A2AAC21A50079CA40 /* Products */;
			projectDirPath = "";
			projectRoot = "";
			targets = (
				E2EB6E582AAC21A50079CA40 /* HW2SwiftFunctions */,
				E2EB6E682AAC21A80079CA40 /* HW2SwiftFunctionsTests */,
				E2EB6E722AAC21A80079CA40 /* HW2SwiftFunctionsUITests */,
			);
		};
/* End PBXProject section */

/* Begin PBXResourcesBuildPhase section */
		E2EB6E572AAC21A50079CA40 /* Resources */ = {
			isa = PBXResourcesBuildPhase;
			buildActionMask = 2147483647;
			files = (
				E2EB6E642AAC21A80079CA40 /* Preview Assets.xcassets in Resources */,
				E2EB6E612AAC21A80079CA40 /* Assets.xcassets in Resources */,
			);
			runOnlyForDeploymentPostprocessing = 0;
		};
		E2EB6E672AAC21A80079CA40 /* Resources */ = {
			isa = PBXResourcesBuildPhase;
			buildActionMask = 2147483647;
			files = (
			);
			runOnlyForDeploymentPostprocessing = 0;
		};
		E2EB6E712AAC21A80079CA40 /* Resources */ = {
			isa = PBXResourcesBuildPhase;
			buildActionMask = 2147483647;
			files = (
			);
			runOnlyForDeploymentPostprocessing = 0;
		};
/* End PBXResourcesBuildPhase section */

/* Begin PBXSourcesBuildPhase section */
		E2EB6E552AAC21A50079CA40 /* Sources */ = {
			isa = PBXSourcesBuildPhase;
			buildActionMask = 2147483647;
			files = (
				E2EB6E5F2AAC21A50079CA40 /* ContentView.swift in Sources */,
				E2EB6E5D2AAC21A50079CA40 /* HW2SwiftFunctionsApp.swift in Sources */,
			);
			runOnlyForDeploymentPostprocessing = 0;
		};
		E2EB6E652AAC21A80079CA40 /* Sources */ = {
			isa = PBXSourcesBuildPhase;
			buildActionMask = 2147483647;
			files = (
				E2EB6E6E2AAC21A80079CA40 /* HW2SwiftFunctionsTests.swift in Sources */,
			);
			runOnlyForDeploymentPostprocessing = 0;
		};
		E2EB6E6F2AAC21A80079CA40 /* Sources */ = {
			isa = PBXSourcesBuildPhase;
			buildActionMask = 2147483647;
			files = (
				E2EB6E7A2AAC21A80079CA40 /* HW2SwiftFunctionsUITestsLaunchTests.swift in Sources */,
				E2EB6E782AAC21A80079CA40 /* HW2SwiftFunctionsUITests.swift in Sources */,
			);
			runOnlyForDeploymentPostprocessing = 0;
		};
/* End PBXSourcesBuildPhase section */

/* Begin PBXTargetDependency section */
		E2EB6E6B2AAC21A80079CA40 /* PBXTargetDependency */ = {
			isa = PBXTargetDependency;
			target = E2EB6E582AAC21A50079CA40 /* HW2SwiftFunctions */;
			targetProxy = E2EB6E6A2AAC21A80079CA40 /* PBXContainerItemProxy */;
		};
		E2EB6E752AAC21A80079CA40 /* PBXTargetDependency */ = {
			isa = PBXTargetDependency;
			target = E2EB6E582AAC21A50079CA40 /* HW2SwiftFunctions */;
			targetProxy = E2EB6E742AAC21A80079CA40 /* PBXContainerItemProxy */;
		};
/* End PBXTargetDependency section */

/* Begin XCBuildConfiguration section */
		E2EB6E7B2AAC21A80079CA40 /* Debug */ = {
			isa = XCBuildConfiguration;
			buildSettings = {
				ALWAYS_SEARCH_USER_PATHS = NO;
				ASSETCATALOG_COMPILER_GENERATE_SWIFT_ASSET_SYMBOL_EXTENSIONS = YES;
				CLANG_ANALYZER_NONNULL = YES;
				CLANG_ANALYZER_NUMBER_OBJECT_CONVERSION = YES_AGGRESSIVE;
				CLANG_CXX_LANGUAGE_STANDARD = "gnu++20";
				CLANG_ENABLE_MODULES = YES;
				CLANG_ENABLE_OBJC_ARC = YES;
				CLANG_ENABLE_OBJC_WEAK = YES;
				CLANG_WARN_BLOCK_CAPTURE_AUTORELEASING = YES;
				CLANG_WARN_BOOL_CONVERSION = YES;
				CLANG_WARN_COMMA = YES;
				CLANG_WARN_CONSTANT_CONVERSION = YES;
				CLANG_WARN_DEPRECATED_OBJC_IMPLEMENTATIONS = YES;
				CLANG_WARN_DIRECT_OBJC_ISA_USAGE = YES_ERROR;
				CLANG_WARN_DOCUMENTATION_COMMENTS = YES;
				CLANG_WARN_EMPTY_BODY = YES;
				CLANG_WARN_ENUM_CONVERSION = YES;
				CLANG_WARN_INFINITE_RECURSION = YES;
				CLANG_WARN_INT_CONVERSION = YES;
				CLANG_WARN_NON_LITERAL_NULL_CONVERSION = YES;
				CLANG_WARN_OBJC_IMPLICIT_RETAIN_SELF = YES;
				CLANG_WARN_OBJC_LITERAL_CONVERSION = YES;
				CLANG_WARN_OBJC_ROOT_CLASS = YES_ERROR;
				CLANG_WARN_QUOTED_INCLUDE_IN_FRAMEWORK_HEADER = YES;
				CLANG_WARN_RANGE_LOOP_ANALYSIS = YES;
				CLANG_WARN_STRICT_PROTOTYPES = YES;
				CLANG_WARN_SUSPICIOUS_MOVE = YES;
				CLANG_WARN_UNGUARDED_AVAILABILITY = YES_AGGRESSIVE;
				CLANG_WARN_UNREACHABLE_CODE = YES;
				CLANG_WARN__DUPLICATE_METHOD_MATCH = YES;
				COPY_PHASE_STRIP = NO;
				DEBUG_INFORMATION_FORMAT = dwarf;
				ENABLE_STRICT_OBJC_MSGSEND = YES;
				ENABLE_TESTABILITY = YES;
				ENABLE_USER_SCRIPT_SANDBOXING = YES;
				GCC_C_LANGUAGE_STANDARD = gnu17;
				GCC_DYNAMIC_NO_PIC = NO;
				GCC_NO_COMMON_BLOCKS = YES;
				GCC_OPTIMIZATION_LEVEL = 0;
				GCC_PREPROCESSOR_DEFINITIONS = (
					"DEBUG=1",
					"$(inherited)",
				);
				GCC_WARN_64_TO_32_BIT_CONVERSION = YES;
				GCC_WARN_ABOUT_RETURN_TYPE = YES_ERROR;
				GCC_WARN_UNDECLARED_SELECTOR = YES;
				GCC_WARN_UNINITIALIZED_AUTOS = YES_AGGRESSIVE;
				GCC_WARN_UNUSED_FUNCTION = YES;
				GCC_WARN_UNUSED_VARIABLE = YES;
				IPHONEOS_DEPLOYMENT_TARGET = 17.0;
				LOCALIZATION_PREFERS_STRING_CATALOGS = YES;
				MTL_ENABLE_DEBUG_INFO = INCLUDE_SOURCE;
				MTL_FAST_MATH = YES;
				ONLY_ACTIVE_ARCH = YES;
				SDKROOT = iphoneos;
				SWIFT_ACTIVE_COMPILATION_CONDITIONS = "DEBUG $(inherited)";
				SWIFT_OPTIMIZATION_LEVEL = "-Onone";
			};
			name = Debug;
		};
		E2EB6E7C2AAC21A80079CA40 /* Release */ = {
			isa = XCBuildConfiguration;
			buildSettings = {
				ALWAYS_SEARCH_USER_PATHS = NO;
				ASSETCATALOG_COMPILER_GENERATE_SWIFT_ASSET_SYMBOL_EXTENSIONS = YES;
				CLANG_ANALYZER_NONNULL = YES;
				CLANG_ANALYZER_NUMBER_OBJECT_CONVERSION = YES_AGGRESSIVE;
				CLANG_CXX_LANGUAGE_STANDARD = "gnu++20";
				CLANG_ENABLE_MODULES = YES;
				CLANG_ENABLE_OBJC_ARC = YES;
				CLANG_ENABLE_OBJC_WEAK = YES;
				CLANG_WARN_BLOCK_CAPTURE_AUTORELEASING = YES;
				CLANG_WARN_BOOL_CONVERSION = YES;
				CLANG_WARN_COMMA = YES;
				CLANG_WARN_CONSTANT_CONVERSION = YES;
				CLANG_WARN_DEPRECATED_OBJC_IMPLEMENTATIONS = YES;
				CLANG_WARN_DIRECT_OBJC_ISA_USAGE = YES_ERROR;
				CLANG_WARN_DOCUMENTATION_COMMENTS = YES;
				CLANG_WARN_EMPTY_BODY = YES;
				CLANG_WARN_ENUM_CONVERSION = YES;
				CLANG_WARN_INFINITE_RECURSION = YES;
				CLANG_WARN_INT_CONVERSION = YES;
				CLANG_WARN_NON_LITERAL_NULL_CONVERSION = YES;
				CLANG_WARN_OBJC_IMPLICIT_RETAIN_SELF = YES;
				CLANG_WARN_OBJC_LITERAL_CONVERSION = YES;
				CLANG_WARN_OBJC_ROOT_CLASS = YES_ERROR;
				CLANG_WARN_QUOTED_INCLUDE_IN_FRAMEWORK_HEADER = YES;
				CLANG_WARN_RANGE_LOOP_ANALYSIS = YES;
				CLANG_WARN_STRICT_PROTOTYPES = YES;
				CLANG_WARN_SUSPICIOUS_MOVE = YES;
				CLANG_WARN_UNGUARDED_AVAILABILITY = YES_AGGRESSIVE;
				CLANG_WARN_UNREACHABLE_CODE = YES;
				CLANG_WARN__DUPLICATE_METHOD_MATCH = YES;
				COPY_PHASE_STRIP = NO;
				DEBUG_INFORMATION_FORMAT = "dwarf-with-dsym";
				ENABLE_NS_ASSERTIONS = NO;
				ENABLE_STRICT_OBJC_MSGSEND = YES;
				ENABLE_USER_SCRIPT_SANDBOXING = YES;
				GCC_C_LANGUAGE_STANDARD = gnu17;
				GCC_NO_COMMON_BLOCKS = YES;
				GCC_WARN_64_TO_32_BIT_CONVERSION = YES;
				GCC_WARN_ABOUT_RETURN_TYPE = YES_ERROR;
				GCC_WARN_UNDECLARED_SELECTOR = YES;
				GCC_WARN_UNINITIALIZED_AUTOS = YES_AGGRESSIVE;
				GCC_WARN_UNUSED_FUNCTION = YES;
				GCC_WARN_UNUSED_VARIABLE = YES;
				IPHONEOS_DEPLOYMENT_TARGET = 17.0;
				LOCALIZATION_PREFERS_STRING_CATALOGS = YES;
				MTL_ENABLE_DEBUG_INFO = NO;
				MTL_FAST_MATH = YES;
				SDKROOT = iphoneos;
				SWIFT_COMPILATION_MODE = wholemodule;
				VALIDATE_PRODUCT = YES;
			};
			name = Release;
		};
		E2EB6E7E2AAC21A80079CA40 /* Debug */ = {
			isa = XCBuildConfiguration;
			buildSettings = {
				ASSETCATALOG_COMPILER_APPICON_NAME = AppIcon;
				ASSETCATALOG_COMPILER_GLOBAL_ACCENT_COLOR_NAME = AccentColor;
				CODE_SIGN_STYLE = Automatic;
				CURRENT_PROJECT_VERSION = 1;
				DEVELOPMENT_ASSET_PATHS = "\"HW2SwiftFunctions/Preview Content\"";
				DEVELOPMENT_TEAM = K83T4H8C92;
				ENABLE_PREVIEWS = YES;
				GENERATE_INFOPLIST_FILE = YES;
				INFOPLIST_KEY_UIApplicationSceneManifest_Generation = YES;
				INFOPLIST_KEY_UIApplicationSupportsIndirectInputEvents = YES;
				INFOPLIST_KEY_UILaunchScreen_Generation = YES;
				INFOPLIST_KEY_UISupportedInterfaceOrientations_iPad = "UIInterfaceOrientationPortrait UIInterfaceOrientationPortraitUpsideDown UIInterfaceOrientationLandscapeLeft UIInterfaceOrientationLandscapeRight";
				INFOPLIST_KEY_UISupportedInterfaceOrientations_iPhone = "UIInterfaceOrientationPortrait UIInterfaceOrientationLandscapeLeft UIInterfaceOrientationLandscapeRight";
				LD_RUNPATH_SEARCH_PATHS = (
					"$(inherited)",
					"@executable_path/Frameworks",
				);
				MARKETING_VERSION = 1.0;
				PRODUCT_BUNDLE_IDENTIFIER = com.lehi.HW2SwiftFunctions;
				PRODUCT_NAME = "$(TARGET_NAME)";
				SWIFT_EMIT_LOC_STRINGS = YES;
				SWIFT_VERSION = 5.0;
				TARGETED_DEVICE_FAMILY = "1,2";
			};
			name = Debug;
		};
		E2EB6E7F2AAC21A80079CA40 /* Release */ = {
			isa = XCBuildConfiguration;
			buildSettings = {
				ASSETCATALOG_COMPILER_APPICON_NAME = AppIcon;
				ASSETCATALOG_COMPILER_GLOBAL_ACCENT_COLOR_NAME = AccentColor;
				CODE_SIGN_STYLE = Automatic;
				CURRENT_PROJECT_VERSION = 1;
				DEVELOPMENT_ASSET_PATHS = "\"HW2SwiftFunctions/Preview Content\"";
				DEVELOPMENT_TEAM = K83T4H8C92;
				ENABLE_PREVIEWS = YES;
				GENERATE_INFOPLIST_FILE = YES;
				INFOPLIST_KEY_UIApplicationSceneManifest_Generation = YES;
				INFOPLIST_KEY_UIApplicationSupportsIndirectInputEvents = YES;
				INFOPLIST_KEY_UILaunchScreen_Generation = YES;
				INFOPLIST_KEY_UISupportedInterfaceOrientations_iPad = "UIInterfaceOrientationPortrait UIInterfaceOrientationPortraitUpsideDown UIInterfaceOrientationLandscapeLeft UIInterfaceOrientationLandscapeRight";
				INFOPLIST_KEY_UISupportedInterfaceOrientations_iPhone = "UIInterfaceOrientationPortrait UIInterfaceOrientationLandscapeLeft UIInterfaceOrientationLandscapeRight";
				LD_RUNPATH_SEARCH_PATHS = (
					"$(inherited)",
					"@executable_path/Frameworks",
				);
				MARKETING_VERSION = 1.0;
				PRODUCT_BUNDLE_IDENTIFIER = com.lehi.HW2SwiftFunctions;
				PRODUCT_NAME = "$(TARGET_NAME)";
				SWIFT_EMIT_LOC_STRINGS = YES;
				SWIFT_VERSION = 5.0;
				TARGETED_DEVICE_FAMILY = "1,2";
			};
			name = Release;
		};
		E2EB6E812AAC21A80079CA40 /* Debug */ = {
			isa = XCBuildConfiguration;
			buildSettings = {
				ALWAYS_EMBED_SWIFT_STANDARD_LIBRARIES = YES;
				BUNDLE_LOADER = "$(TEST_HOST)";
				CODE_SIGN_STYLE = Automatic;
				CURRENT_PROJECT_VERSION = 1;
				DEVELOPMENT_TEAM = K83T4H8C92;
				GENERATE_INFOPLIST_FILE = YES;
				IPHONEOS_DEPLOYMENT_TARGET = 17.0;
				MARKETING_VERSION = 1.0;
				PRODUCT_BUNDLE_IDENTIFIER = com.lehi.HW2SwiftFunctionsTests;
				PRODUCT_NAME = "$(TARGET_NAME)";
				SWIFT_EMIT_LOC_STRINGS = NO;
				SWIFT_VERSION = 5.0;
				TARGETED_DEVICE_FAMILY = "1,2";
				TEST_HOST = "$(BUILT_PRODUCTS_DIR)/HW2SwiftFunctions.app/$(BUNDLE_EXECUTABLE_FOLDER_PATH)/HW2SwiftFunctions";
			};
			name = Debug;
		};
		E2EB6E822AAC21A80079CA40 /* Release */ = {
			isa = XCBuildConfiguration;
			buildSettings = {
				ALWAYS_EMBED_SWIFT_STANDARD_LIBRARIES = YES;
				BUNDLE_LOADER = "$(TEST_HOST)";
				CODE_SIGN_STYLE = Automatic;
				CURRENT_PROJECT_VERSION = 1;
				DEVELOPMENT_TEAM = K83T4H8C92;
				GENERATE_INFOPLIST_FILE = YES;
				IPHONEOS_DEPLOYMENT_TARGET = 17.0;
				MARKETING_VERSION = 1.0;
				PRODUCT_BUNDLE_IDENTIFIER = com.lehi.HW2SwiftFunctionsTests;
				PRODUCT_NAME = "$(TARGET_NAME)";
				SWIFT_EMIT_LOC_STRINGS = NO;
				SWIFT_VERSION = 5.0;
				TARGETED_DEVICE_FAMILY = "1,2";
				TEST_HOST = "$(BUILT_PRODUCTS_DIR)/HW2SwiftFunctions.app/$(BUNDLE_EXECUTABLE_FOLDER_PATH)/HW2SwiftFunctions";
			};
			name = Release;
		};
		E2EB6E842AAC21A80079CA40 /* Debug */ = {
			isa = XCBuildConfiguration;
			buildSettings = {
				ALWAYS_EMBED_SWIFT_STANDARD_LIBRARIES = YES;
				CODE_SIGN_STYLE = Automatic;
				CURRENT_PROJECT_VERSION = 1;
				DEVELOPMENT_TEAM = K83T4H8C92;
				GENERATE_INFOPLIST_FILE = YES;
				MARKETING_VERSION = 1.0;
				PRODUCT_BUNDLE_IDENTIFIER = com.lehi.HW2SwiftFunctionsUITests;
				PRODUCT_NAME = "$(TARGET_NAME)";
				SWIFT_EMIT_LOC_STRINGS = NO;
				SWIFT_VERSION = 5.0;
				TARGETED_DEVICE_FAMILY = "1,2";
				TEST_TARGET_NAME = HW2SwiftFunctions;
			};
			name = Debug;
		};
		E2EB6E852AAC21A80079CA40 /* Release */ = {
			isa = XCBuildConfiguration;
			buildSettings = {
				ALWAYS_EMBED_SWIFT_STANDARD_LIBRARIES = YES;
				CODE_SIGN_STYLE = Automatic;
				CURRENT_PROJECT_VERSION = 1;
				DEVELOPMENT_TEAM = K83T4H8C92;
				GENERATE_INFOPLIST_FILE = YES;
				MARKETING_VERSION = 1.0;
				PRODUCT_BUNDLE_IDENTIFIER = com.lehi.HW2SwiftFunctionsUITests;
				PRODUCT_NAME = "$(TARGET_NAME)";
				SWIFT_EMIT_LOC_STRINGS = NO;
				SWIFT_VERSION = 5.0;
				TARGETED_DEVICE_FAMILY = "1,2";
				TEST_TARGET_NAME = HW2SwiftFunctions;
			};
			name = Release;
		};
/* End XCBuildConfiguration section */

/* Begin XCConfigurationList section */
		E2EB6E542AAC21A50079CA40 /* Build configuration list for PBXProject "HW2SwiftFunctions" */ = {
			isa = XCConfigurationList;
			buildConfigurations = (
				E2EB6E7B2AAC21A80079CA40 /* Debug */,
				E2EB6E7C2AAC21A80079CA40 /* Release */,
			);
			defaultConfigurationIsVisible = 0;
			defaultConfigurationName = Release;
		};
		E2EB6E7D2AAC21A80079CA40 /* Build configuration list for PBXNativeTarget "HW2SwiftFunctions" */ = {
			isa = XCConfigurationList;
			buildConfigurations = (
				E2EB6E7E2AAC21A80079CA40 /* Debug */,
				E2EB6E7F2AAC21A80079CA40 /* Release */,
			);
			defaultConfigurationIsVisible = 0;
			defaultConfigurationName = Release;
		};
		E2EB6E802AAC21A80079CA40 /* Build configuration list for PBXNativeTarget "HW2SwiftFunctionsTests" */ = {
			isa = XCConfigurationList;
			buildConfigurations = (
				E2EB6E812AAC21A80079CA40 /* Debug */,
				E2EB6E822AAC21A80079CA40 /* Release */,
			);
			defaultConfigurationIsVisible = 0;
			defaultConfigurationName = Release;
		};
		E2EB6E832AAC21A80079CA40 /* Build configuration list for PBXNativeTarget "HW2SwiftFunctionsUITests" */ = {
			isa = XCConfigurationList;
			buildConfigurations = (
				E2EB6E842AAC21A80079CA40 /* Debug */,
				E2EB6E852AAC21A80079CA40 /* Release */,
			);
			defaultConfigurationIsVisible = 0;
			defaultConfigurationName = Release;
		};
/* End XCConfigurationList section */
	};
	rootObject = E2EB6E512AAC21A50079CA40 /* Project object */;
}
