// !$*UTF8*$!
{
	archiveVersion = 1;
	classes = {
	};
	objectVersion = 56;
	objects = {

/* Begin PBXBuildFile section */
		E22632D72B347C1D0058B5CC /* habitsApp.swift in Sources */ = {isa = PBXBuildFile; fileRef = E22632D62B347C1D0058B5CC /* habitsApp.swift */; };
		E22632D92B347C1D0058B5CC /* ContentView.swift in Sources */ = {isa = PBXBuildFile; fileRef = E22632D82B347C1D0058B5CC /* ContentView.swift */; };
		E22632DB2B347C1D0058B5CC /* Item.swift in Sources */ = {isa = PBXBuildFile; fileRef = E22632DA2B347C1D0058B5CC /* Item.swift */; };
		E22632DD2B347C1E0058B5CC /* Assets.xcassets in Resources */ = {isa = PBXBuildFile; fileRef = E22632DC2B347C1E0058B5CC /* Assets.xcassets */; };
		E22632E02B347C1E0058B5CC /* Preview Assets.xcassets in Resources */ = {isa = PBXBuildFile; fileRef = E22632DF2B347C1E0058B5CC /* Preview Assets.xcassets */; };
		E22632EA2B347C1F0058B5CC /* habitsTests.swift in Sources */ = {isa = PBXBuildFile; fileRef = E22632E92B347C1F0058B5CC /* habitsTests.swift */; };
		E22632F42B347C1F0058B5CC /* habitsUITests.swift in Sources */ = {isa = PBXBuildFile; fileRef = E22632F32B347C1F0058B5CC /* habitsUITests.swift */; };
		E22632F62B347C1F0058B5CC /* habitsUITestsLaunchTests.swift in Sources */ = {isa = PBXBuildFile; fileRef = E22632F52B347C1F0058B5CC /* habitsUITestsLaunchTests.swift */; };
		E22633032B3482650058B5CC /* Catalog.swift in Sources */ = {isa = PBXBuildFile; fileRef = E22633022B3482650058B5CC /* Catalog.swift */; };
		E22633052B3486980058B5CC /* GoalDetailView.swift in Sources */ = {isa = PBXBuildFile; fileRef = E22633042B3486980058B5CC /* GoalDetailView.swift */; };
		E22633072B34899B0058B5CC /* GoalEditor.swift in Sources */ = {isa = PBXBuildFile; fileRef = E22633062B34899B0058B5CC /* GoalEditor.swift */; };
		E28A6B842B349C14000E605A /* CategoryEditor.swift in Sources */ = {isa = PBXBuildFile; fileRef = E28A6B832B349C14000E605A /* CategoryEditor.swift */; };
/* End PBXBuildFile section */

/* Begin PBXContainerItemProxy section */
		E22632E62B347C1F0058B5CC /* PBXContainerItemProxy */ = {
			isa = PBXContainerItemProxy;
			containerPortal = E22632CB2B347C1D0058B5CC /* Project object */;
			proxyType = 1;
			remoteGlobalIDString = E22632D22B347C1D0058B5CC;
			remoteInfo = habits;
		};
		E22632F02B347C1F0058B5CC /* PBXContainerItemProxy */ = {
			isa = PBXContainerItemProxy;
			containerPortal = E22632CB2B347C1D0058B5CC /* Project object */;
			proxyType = 1;
			remoteGlobalIDString = E22632D22B347C1D0058B5CC;
			remoteInfo = habits;
		};
/* End PBXContainerItemProxy section */

/* Begin PBXFileReference section */
		E22632D32B347C1D0058B5CC /* habits.app */ = {isa = PBXFileReference; explicitFileType = wrapper.application; includeInIndex = 0; path = habits.app; sourceTree = BUILT_PRODUCTS_DIR; };
		E22632D62B347C1D0058B5CC /* habitsApp.swift */ = {isa = PBXFileReference; lastKnownFileType = sourcecode.swift; path = habitsApp.swift; sourceTree = "<group>"; };
		E22632D82B347C1D0058B5CC /* ContentView.swift */ = {isa = PBXFileReference; lastKnownFileType = sourcecode.swift; path = ContentView.swift; sourceTree = "<group>"; };
		E22632DA2B347C1D0058B5CC /* Item.swift */ = {isa = PBXFileReference; lastKnownFileType = sourcecode.swift; path = Item.swift; sourceTree = "<group>"; };
		E22632DC2B347C1E0058B5CC /* Assets.xcassets */ = {isa = PBXFileReference; lastKnownFileType = folder.assetcatalog; path = Assets.xcassets; sourceTree = "<group>"; };
		E22632DF2B347C1E0058B5CC /* Preview Assets.xcassets */ = {isa = PBXFileReference; lastKnownFileType = folder.assetcatalog; path = "Preview Assets.xcassets"; sourceTree = "<group>"; };
		E22632E52B347C1F0058B5CC /* habitsTests.xctest */ = {isa = PBXFileReference; explicitFileType = wrapper.cfbundle; includeInIndex = 0; path = habitsTests.xctest; sourceTree = BUILT_PRODUCTS_DIR; };
		E22632E92B347C1F0058B5CC /* habitsTests.swift */ = {isa = PBXFileReference; lastKnownFileType = sourcecode.swift; path = habitsTests.swift; sourceTree = "<group>"; };
		E22632EF2B347C1F0058B5CC /* habitsUITests.xctest */ = {isa = PBXFileReference; explicitFileType = wrapper.cfbundle; includeInIndex = 0; path = habitsUITests.xctest; sourceTree = BUILT_PRODUCTS_DIR; };
		E22632F32B347C1F0058B5CC /* habitsUITests.swift */ = {isa = PBXFileReference; lastKnownFileType = sourcecode.swift; path = habitsUITests.swift; sourceTree = "<group>"; };
		E22632F52B347C1F0058B5CC /* habitsUITestsLaunchTests.swift */ = {isa = PBXFileReference; lastKnownFileType = sourcecode.swift; path = habitsUITestsLaunchTests.swift; sourceTree = "<group>"; };
		E22633022B3482650058B5CC /* Catalog.swift */ = {isa = PBXFileReference; lastKnownFileType = sourcecode.swift; path = Catalog.swift; sourceTree = "<group>"; };
		E22633042B3486980058B5CC /* GoalDetailView.swift */ = {isa = PBXFileReference; lastKnownFileType = sourcecode.swift; path = GoalDetailView.swift; sourceTree = "<group>"; };
		E22633062B34899B0058B5CC /* GoalEditor.swift */ = {isa = PBXFileReference; lastKnownFileType = sourcecode.swift; path = GoalEditor.swift; sourceTree = "<group>"; };
		E28A6B832B349C14000E605A /* CategoryEditor.swift */ = {isa = PBXFileReference; lastKnownFileType = sourcecode.swift; path = CategoryEditor.swift; sourceTree = "<group>"; };
/* End PBXFileReference section */

/* Begin PBXFrameworksBuildPhase section */
		E22632D02B347C1D0058B5CC /* Frameworks */ = {
			isa = PBXFrameworksBuildPhase;
			buildActionMask = 2147483647;
			files = (
			);
			runOnlyForDeploymentPostprocessing = 0;
		};
		E22632E22B347C1F0058B5CC /* Frameworks */ = {
			isa = PBXFrameworksBuildPhase;
			buildActionMask = 2147483647;
			files = (
			);
			runOnlyForDeploymentPostprocessing = 0;
		};
		E22632EC2B347C1F0058B5CC /* Frameworks */ = {
			isa = PBXFrameworksBuildPhase;
			buildActionMask = 2147483647;
			files = (
			);
			runOnlyForDeploymentPostprocessing = 0;
		};
/* End PBXFrameworksBuildPhase section */

/* Begin PBXGroup section */
		E22632CA2B347C1D0058B5CC = {
			isa = PBXGroup;
			children = (
				E22632D52B347C1D0058B5CC /* habits */,
				E22632E82B347C1F0058B5CC /* habitsTests */,
				E22632F22B347C1F0058B5CC /* habitsUITests */,
				E22632D42B347C1D0058B5CC /* Products */,
			);
			sourceTree = "<group>";
		};
		E22632D42B347C1D0058B5CC /* Products */ = {
			isa = PBXGroup;
			children = (
				E22632D32B347C1D0058B5CC /* habits.app */,
				E22632E52B347C1F0058B5CC /* habitsTests.xctest */,
				E22632EF2B347C1F0058B5CC /* habitsUITests.xctest */,
			);
			name = Products;
			sourceTree = "<group>";
		};
		E22632D52B347C1D0058B5CC /* habits */ = {
			isa = PBXGroup;
			children = (
				E22632D62B347C1D0058B5CC /* habitsApp.swift */,
				E22632D82B347C1D0058B5CC /* ContentView.swift */,
				E22632DA2B347C1D0058B5CC /* Item.swift */,
				E22632DC2B347C1E0058B5CC /* Assets.xcassets */,
				E22632DE2B347C1E0058B5CC /* Preview Content */,
				E22633022B3482650058B5CC /* Catalog.swift */,
				E22633042B3486980058B5CC /* GoalDetailView.swift */,
				E22633062B34899B0058B5CC /* GoalEditor.swift */,
				E28A6B832B349C14000E605A /* CategoryEditor.swift */,
			);
			path = habits;
			sourceTree = "<group>";
		};
		E22632DE2B347C1E0058B5CC /* Preview Content */ = {
			isa = PBXGroup;
			children = (
				E22632DF2B347C1E0058B5CC /* Preview Assets.xcassets */,
			);
			path = "Preview Content";
			sourceTree = "<group>";
		};
		E22632E82B347C1F0058B5CC /* habitsTests */ = {
			isa = PBXGroup;
			children = (
				E22632E92B347C1F0058B5CC /* habitsTests.swift */,
			);
			path = habitsTests;
			sourceTree = "<group>";
		};
		E22632F22B347C1F0058B5CC /* habitsUITests */ = {
			isa = PBXGroup;
			children = (
				E22632F32B347C1F0058B5CC /* habitsUITests.swift */,
				E22632F52B347C1F0058B5CC /* habitsUITestsLaunchTests.swift */,
			);
			path = habitsUITests;
			sourceTree = "<group>";
		};
/* End PBXGroup section */

/* Begin PBXNativeTarget section */
		E22632D22B347C1D0058B5CC /* habits */ = {
			isa = PBXNativeTarget;
			buildConfigurationList = E22632F92B347C1F0058B5CC /* Build configuration list for PBXNativeTarget "habits" */;
			buildPhases = (
				E22632CF2B347C1D0058B5CC /* Sources */,
				E22632D02B347C1D0058B5CC /* Frameworks */,
				E22632D12B347C1D0058B5CC /* Resources */,
			);
			buildRules = (
			);
			dependencies = (
			);
			name = habits;
			productName = habits;
			productReference = E22632D32B347C1D0058B5CC /* habits.app */;
			productType = "com.apple.product-type.application";
		};
		E22632E42B347C1F0058B5CC /* habitsTests */ = {
			isa = PBXNativeTarget;
			buildConfigurationList = E22632FC2B347C1F0058B5CC /* Build configuration list for PBXNativeTarget "habitsTests" */;
			buildPhases = (
				E22632E12B347C1F0058B5CC /* Sources */,
				E22632E22B347C1F0058B5CC /* Frameworks */,
				E22632E32B347C1F0058B5CC /* Resources */,
			);
			buildRules = (
			);
			dependencies = (
				E22632E72B347C1F0058B5CC /* PBXTargetDependency */,
			);
			name = habitsTests;
			productName = habitsTests;
			productReference = E22632E52B347C1F0058B5CC /* habitsTests.xctest */;
			productType = "com.apple.product-type.bundle.unit-test";
		};
		E22632EE2B347C1F0058B5CC /* habitsUITests */ = {
			isa = PBXNativeTarget;
			buildConfigurationList = E22632FF2B347C1F0058B5CC /* Build configuration list for PBXNativeTarget "habitsUITests" */;
			buildPhases = (
				E22632EB2B347C1F0058B5CC /* Sources */,
				E22632EC2B347C1F0058B5CC /* Frameworks */,
				E22632ED2B347C1F0058B5CC /* Resources */,
			);
			buildRules = (
			);
			dependencies = (
				E22632F12B347C1F0058B5CC /* PBXTargetDependency */,
			);
			name = habitsUITests;
			productName = habitsUITests;
			productReference = E22632EF2B347C1F0058B5CC /* habitsUITests.xctest */;
			productType = "com.apple.product-type.bundle.ui-testing";
		};
/* End PBXNativeTarget section */

/* Begin PBXProject section */
		E22632CB2B347C1D0058B5CC /* Project object */ = {
			isa = PBXProject;
			attributes = {
				BuildIndependentTargetsInParallel = 1;
				LastSwiftUpdateCheck = 1510;
				LastUpgradeCheck = 1510;
				TargetAttributes = {
					E22632D22B347C1D0058B5CC = {
						CreatedOnToolsVersion = 15.1;
					};
					E22632E42B347C1F0058B5CC = {
						CreatedOnToolsVersion = 15.1;
						TestTargetID = E22632D22B347C1D0058B5CC;
					};
					E22632EE2B347C1F0058B5CC = {
						CreatedOnToolsVersion = 15.1;
						TestTargetID = E22632D22B347C1D0058B5CC;
					};
				};
			};
			buildConfigurationList = E22632CE2B347C1D0058B5CC /* Build configuration list for PBXProject "habits" */;
			compatibilityVersion = "Xcode 14.0";
			developmentRegion = en;
			hasScannedForEncodings = 0;
			knownRegions = (
				en,
				Base,
			);
			mainGroup = E22632CA2B347C1D0058B5CC;
			productRefGroup = E22632D42B347C1D0058B5CC /* Products */;
			projectDirPath = "";
			projectRoot = "";
			targets = (
				E22632D22B347C1D0058B5CC /* habits */,
				E22632E42B347C1F0058B5CC /* habitsTests */,
				E22632EE2B347C1F0058B5CC /* habitsUITests */,
			);
		};
/* End PBXProject section */

/* Begin PBXResourcesBuildPhase section */
		E22632D12B347C1D0058B5CC /* Resources */ = {
			isa = PBXResourcesBuildPhase;
			buildActionMask = 2147483647;
			files = (
				E22632E02B347C1E0058B5CC /* Preview Assets.xcassets in Resources */,
				E22632DD2B347C1E0058B5CC /* Assets.xcassets in Resources */,
			);
			runOnlyForDeploymentPostprocessing = 0;
		};
		E22632E32B347C1F0058B5CC /* Resources */ = {
			isa = PBXResourcesBuildPhase;
			buildActionMask = 2147483647;
			files = (
			);
			runOnlyForDeploymentPostprocessing = 0;
		};
		E22632ED2B347C1F0058B5CC /* Resources */ = {
			isa = PBXResourcesBuildPhase;
			buildActionMask = 2147483647;
			files = (
			);
			runOnlyForDeploymentPostprocessing = 0;
		};
/* End PBXResourcesBuildPhase section */

/* Begin PBXSourcesBuildPhase section */
		E22632CF2B347C1D0058B5CC /* Sources */ = {
			isa = PBXSourcesBuildPhase;
			buildActionMask = 2147483647;
			files = (
				E22632D92B347C1D0058B5CC /* ContentView.swift in Sources */,
				E22633052B3486980058B5CC /* GoalDetailView.swift in Sources */,
				E22632DB2B347C1D0058B5CC /* Item.swift in Sources */,
				E22633072B34899B0058B5CC /* GoalEditor.swift in Sources */,
				E22632D72B347C1D0058B5CC /* habitsApp.swift in Sources */,
				E28A6B842B349C14000E605A /* CategoryEditor.swift in Sources */,
				E22633032B3482650058B5CC /* Catalog.swift in Sources */,
			);
			runOnlyForDeploymentPostprocessing = 0;
		};
		E22632E12B347C1F0058B5CC /* Sources */ = {
			isa = PBXSourcesBuildPhase;
			buildActionMask = 2147483647;
			files = (
				E22632EA2B347C1F0058B5CC /* habitsTests.swift in Sources */,
			);
			runOnlyForDeploymentPostprocessing = 0;
		};
		E22632EB2B347C1F0058B5CC /* Sources */ = {
			isa = PBXSourcesBuildPhase;
			buildActionMask = 2147483647;
			files = (
				E22632F42B347C1F0058B5CC /* habitsUITests.swift in Sources */,
				E22632F62B347C1F0058B5CC /* habitsUITestsLaunchTests.swift in Sources */,
			);
			runOnlyForDeploymentPostprocessing = 0;
		};
/* End PBXSourcesBuildPhase section */

/* Begin PBXTargetDependency section */
		E22632E72B347C1F0058B5CC /* PBXTargetDependency */ = {
			isa = PBXTargetDependency;
			target = E22632D22B347C1D0058B5CC /* habits */;
			targetProxy = E22632E62B347C1F0058B5CC /* PBXContainerItemProxy */;
		};
		E22632F12B347C1F0058B5CC /* PBXTargetDependency */ = {
			isa = PBXTargetDependency;
			target = E22632D22B347C1D0058B5CC /* habits */;
			targetProxy = E22632F02B347C1F0058B5CC /* PBXContainerItemProxy */;
		};
/* End PBXTargetDependency section */

/* Begin XCBuildConfiguration section */
		E22632F72B347C1F0058B5CC /* Debug */ = {
			isa = XCBuildConfiguration;
			buildSettings = {
				ALWAYS_SEARCH_USER_PATHS = NO;
				ASSETCATALOG_COMPILER_GENERATE_SWIFT_ASSET_SYMBOL_EXTENSIONS = YES;
				CLANG_ANALYZER_NONNULL = YES;
				CLANG_ANALYZER_NUMBER_OBJECT_CONVERSION = YES_AGGRESSIVE;
				CLANG_CXX_LANGUAGE_STANDARD = "gnu++20";
				CLANG_ENABLE_MODULES = YES;
				CLANG_ENABLE_OBJC_ARC = YES;
				CLANG_ENABLE_OBJC_WEAK = YES;
				CLANG_WARN_BLOCK_CAPTURE_AUTORELEASING = YES;
				CLANG_WARN_BOOL_CONVERSION = YES;
				CLANG_WARN_COMMA = YES;
				CLANG_WARN_CONSTANT_CONVERSION = YES;
				CLANG_WARN_DEPRECATED_OBJC_IMPLEMENTATIONS = YES;
				CLANG_WARN_DIRECT_OBJC_ISA_USAGE = YES_ERROR;
				CLANG_WARN_DOCUMENTATION_COMMENTS = YES;
				CLANG_WARN_EMPTY_BODY = YES;
				CLANG_WARN_ENUM_CONVERSION = YES;
				CLANG_WARN_INFINITE_RECURSION = YES;
				CLANG_WARN_INT_CONVERSION = YES;
				CLANG_WARN_NON_LITERAL_NULL_CONVERSION = YES;
				CLANG_WARN_OBJC_IMPLICIT_RETAIN_SELF = YES;
				CLANG_WARN_OBJC_LITERAL_CONVERSION = YES;
				CLANG_WARN_OBJC_ROOT_CLASS = YES_ERROR;
				CLANG_WARN_QUOTED_INCLUDE_IN_FRAMEWORK_HEADER = YES;
				CLANG_WARN_RANGE_LOOP_ANALYSIS = YES;
				CLANG_WARN_STRICT_PROTOTYPES = YES;
				CLANG_WARN_SUSPICIOUS_MOVE = YES;
				CLANG_WARN_UNGUARDED_AVAILABILITY = YES_AGGRESSIVE;
				CLANG_WARN_UNREACHABLE_CODE = YES;
				CLANG_WARN__DUPLICATE_METHOD_MATCH = YES;
				COPY_PHASE_STRIP = NO;
				DEBUG_INFORMATION_FORMAT = dwarf;
				ENABLE_STRICT_OBJC_MSGSEND = YES;
				ENABLE_TESTABILITY = YES;
				ENABLE_USER_SCRIPT_SANDBOXING = YES;
				GCC_C_LANGUAGE_STANDARD = gnu17;
				GCC_DYNAMIC_NO_PIC = NO;
				GCC_NO_COMMON_BLOCKS = YES;
				GCC_OPTIMIZATION_LEVEL = 0;
				GCC_PREPROCESSOR_DEFINITIONS = (
					"DEBUG=1",
					"$(inherited)",
				);
				GCC_WARN_64_TO_32_BIT_CONVERSION = YES;
				GCC_WARN_ABOUT_RETURN_TYPE = YES_ERROR;
				GCC_WARN_UNDECLARED_SELECTOR = YES;
				GCC_WARN_UNINITIALIZED_AUTOS = YES_AGGRESSIVE;
				GCC_WARN_UNUSED_FUNCTION = YES;
				GCC_WARN_UNUSED_VARIABLE = YES;
				IPHONEOS_DEPLOYMENT_TARGET = 17.2;
				LOCALIZATION_PREFERS_STRING_CATALOGS = YES;
				MTL_ENABLE_DEBUG_INFO = INCLUDE_SOURCE;
				MTL_FAST_MATH = YES;
				ONLY_ACTIVE_ARCH = YES;
				SDKROOT = iphoneos;
				SWIFT_ACTIVE_COMPILATION_CONDITIONS = "DEBUG $(inherited)";
				SWIFT_OPTIMIZATION_LEVEL = "-Onone";
			};
			name = Debug;
		};
		E22632F82B347C1F0058B5CC /* Release */ = {
			isa = XCBuildConfiguration;
			buildSettings = {
				ALWAYS_SEARCH_USER_PATHS = NO;
				ASSETCATALOG_COMPILER_GENERATE_SWIFT_ASSET_SYMBOL_EXTENSIONS = YES;
				CLANG_ANALYZER_NONNULL = YES;
				CLANG_ANALYZER_NUMBER_OBJECT_CONVERSION = YES_AGGRESSIVE;
				CLANG_CXX_LANGUAGE_STANDARD = "gnu++20";
				CLANG_ENABLE_MODULES = YES;
				CLANG_ENABLE_OBJC_ARC = YES;
				CLANG_ENABLE_OBJC_WEAK = YES;
				CLANG_WARN_BLOCK_CAPTURE_AUTORELEASING = YES;
				CLANG_WARN_BOOL_CONVERSION = YES;
				CLANG_WARN_COMMA = YES;
				CLANG_WARN_CONSTANT_CONVERSION = YES;
				CLANG_WARN_DEPRECATED_OBJC_IMPLEMENTATIONS = YES;
				CLANG_WARN_DIRECT_OBJC_ISA_USAGE = YES_ERROR;
				CLANG_WARN_DOCUMENTATION_COMMENTS = YES;
				CLANG_WARN_EMPTY_BODY = YES;
				CLANG_WARN_ENUM_CONVERSION = YES;
				CLANG_WARN_INFINITE_RECURSION = YES;
				CLANG_WARN_INT_CONVERSION = YES;
				CLANG_WARN_NON_LITERAL_NULL_CONVERSION = YES;
				CLANG_WARN_OBJC_IMPLICIT_RETAIN_SELF = YES;
				CLANG_WARN_OBJC_LITERAL_CONVERSION = YES;
				CLANG_WARN_OBJC_ROOT_CLASS = YES_ERROR;
				CLANG_WARN_QUOTED_INCLUDE_IN_FRAMEWORK_HEADER = YES;
				CLANG_WARN_RANGE_LOOP_ANALYSIS = YES;
				CLANG_WARN_STRICT_PROTOTYPES = YES;
				CLANG_WARN_SUSPICIOUS_MOVE = YES;
				CLANG_WARN_UNGUARDED_AVAILABILITY = YES_AGGRESSIVE;
				CLANG_WARN_UNREACHABLE_CODE = YES;
				CLANG_WARN__DUPLICATE_METHOD_MATCH = YES;
				COPY_PHASE_STRIP = NO;
				DEBUG_INFORMATION_FORMAT = "dwarf-with-dsym";
				ENABLE_NS_ASSERTIONS = NO;
				ENABLE_STRICT_OBJC_MSGSEND = YES;
				ENABLE_USER_SCRIPT_SANDBOXING = YES;
				GCC_C_LANGUAGE_STANDARD = gnu17;
				GCC_NO_COMMON_BLOCKS = YES;
				GCC_WARN_64_TO_32_BIT_CONVERSION = YES;
				GCC_WARN_ABOUT_RETURN_TYPE = YES_ERROR;
				GCC_WARN_UNDECLARED_SELECTOR = YES;
				GCC_WARN_UNINITIALIZED_AUTOS = YES_AGGRESSIVE;
				GCC_WARN_UNUSED_FUNCTION = YES;
				GCC_WARN_UNUSED_VARIABLE = YES;
				IPHONEOS_DEPLOYMENT_TARGET = 17.2;
				LOCALIZATION_PREFERS_STRING_CATALOGS = YES;
				MTL_ENABLE_DEBUG_INFO = NO;
				MTL_FAST_MATH = YES;
				SDKROOT = iphoneos;
				SWIFT_COMPILATION_MODE = wholemodule;
				VALIDATE_PRODUCT = YES;
			};
			name = Release;
		};
		E22632FA2B347C1F0058B5CC /* Debug */ = {
			isa = XCBuildConfiguration;
			buildSettings = {
				ASSETCATALOG_COMPILER_APPICON_NAME = AppIcon;
				ASSETCATALOG_COMPILER_GLOBAL_ACCENT_COLOR_NAME = AccentColor;
				CODE_SIGN_STYLE = Automatic;
				CURRENT_PROJECT_VERSION = 1;
				DEVELOPMENT_ASSET_PATHS = "\"habits/Preview Content\"";
				DEVELOPMENT_TEAM = K83T4H8C92;
				ENABLE_PREVIEWS = YES;
				GENERATE_INFOPLIST_FILE = YES;
				INFOPLIST_KEY_UIApplicationSceneManifest_Generation = YES;
				INFOPLIST_KEY_UIApplicationSupportsIndirectInputEvents = YES;
				INFOPLIST_KEY_UILaunchScreen_Generation = YES;
				INFOPLIST_KEY_UISupportedInterfaceOrientations_iPad = "UIInterfaceOrientationPortrait UIInterfaceOrientationPortraitUpsideDown UIInterfaceOrientationLandscapeLeft UIInterfaceOrientationLandscapeRight";
				INFOPLIST_KEY_UISupportedInterfaceOrientations_iPhone = "UIInterfaceOrientationPortrait UIInterfaceOrientationLandscapeLeft UIInterfaceOrientationLandscapeRight";
				LD_RUNPATH_SEARCH_PATHS = (
					"$(inherited)",
					"@executable_path/Frameworks",
				);
				MARKETING_VERSION = 1.0;
				PRODUCT_BUNDLE_IDENTIFIER = com.lehi.habits;
				PRODUCT_NAME = "$(TARGET_NAME)";
				SWIFT_EMIT_LOC_STRINGS = YES;
				SWIFT_VERSION = 5.0;
				TARGETED_DEVICE_FAMILY = "1,2";
			};
			name = Debug;
		};
		E22632FB2B347C1F0058B5CC /* Release */ = {
			isa = XCBuildConfiguration;
			buildSettings = {
				ASSETCATALOG_COMPILER_APPICON_NAME = AppIcon;
				ASSETCATALOG_COMPILER_GLOBAL_ACCENT_COLOR_NAME = AccentColor;
				CODE_SIGN_STYLE = Automatic;
				CURRENT_PROJECT_VERSION = 1;
				DEVELOPMENT_ASSET_PATHS = "\"habits/Preview Content\"";
				DEVELOPMENT_TEAM = K83T4H8C92;
				ENABLE_PREVIEWS = YES;
				GENERATE_INFOPLIST_FILE = YES;
				INFOPLIST_KEY_UIApplicationSceneManifest_Generation = YES;
				INFOPLIST_KEY_UIApplicationSupportsIndirectInputEvents = YES;
				INFOPLIST_KEY_UILaunchScreen_Generation = YES;
				INFOPLIST_KEY_UISupportedInterfaceOrientations_iPad = "UIInterfaceOrientationPortrait UIInterfaceOrientationPortraitUpsideDown UIInterfaceOrientationLandscapeLeft UIInterfaceOrientationLandscapeRight";
				INFOPLIST_KEY_UISupportedInterfaceOrientations_iPhone = "UIInterfaceOrientationPortrait UIInterfaceOrientationLandscapeLeft UIInterfaceOrientationLandscapeRight";
				LD_RUNPATH_SEARCH_PATHS = (
					"$(inherited)",
					"@executable_path/Frameworks",
				);
				MARKETING_VERSION = 1.0;
				PRODUCT_BUNDLE_IDENTIFIER = com.lehi.habits;
				PRODUCT_NAME = "$(TARGET_NAME)";
				SWIFT_EMIT_LOC_STRINGS = YES;
				SWIFT_VERSION = 5.0;
				TARGETED_DEVICE_FAMILY = "1,2";
			};
			name = Release;
		};
		E22632FD2B347C1F0058B5CC /* Debug */ = {
			isa = XCBuildConfiguration;
			buildSettings = {
				ALWAYS_EMBED_SWIFT_STANDARD_LIBRARIES = YES;
				BUNDLE_LOADER = "$(TEST_HOST)";
				CODE_SIGN_STYLE = Automatic;
				CURRENT_PROJECT_VERSION = 1;
				DEVELOPMENT_TEAM = K83T4H8C92;
				GENERATE_INFOPLIST_FILE = YES;
				IPHONEOS_DEPLOYMENT_TARGET = 17.2;
				MARKETING_VERSION = 1.0;
				PRODUCT_BUNDLE_IDENTIFIER = com.lehi.habitsTests;
				PRODUCT_NAME = "$(TARGET_NAME)";
				SWIFT_EMIT_LOC_STRINGS = NO;
				SWIFT_VERSION = 5.0;
				TARGETED_DEVICE_FAMILY = "1,2";
				TEST_HOST = "$(BUILT_PRODUCTS_DIR)/habits.app/$(BUNDLE_EXECUTABLE_FOLDER_PATH)/habits";
			};
			name = Debug;
		};
		E22632FE2B347C1F0058B5CC /* Release */ = {
			isa = XCBuildConfiguration;
			buildSettings = {
				ALWAYS_EMBED_SWIFT_STANDARD_LIBRARIES = YES;
				BUNDLE_LOADER = "$(TEST_HOST)";
				CODE_SIGN_STYLE = Automatic;
				CURRENT_PROJECT_VERSION = 1;
				DEVELOPMENT_TEAM = K83T4H8C92;
				GENERATE_INFOPLIST_FILE = YES;
				IPHONEOS_DEPLOYMENT_TARGET = 17.2;
				MARKETING_VERSION = 1.0;
				PRODUCT_BUNDLE_IDENTIFIER = com.lehi.habitsTests;
				PRODUCT_NAME = "$(TARGET_NAME)";
				SWIFT_EMIT_LOC_STRINGS = NO;
				SWIFT_VERSION = 5.0;
				TARGETED_DEVICE_FAMILY = "1,2";
				TEST_HOST = "$(BUILT_PRODUCTS_DIR)/habits.app/$(BUNDLE_EXECUTABLE_FOLDER_PATH)/habits";
			};
			name = Release;
		};
		E22633002B347C1F0058B5CC /* Debug */ = {
			isa = XCBuildConfiguration;
			buildSettings = {
				ALWAYS_EMBED_SWIFT_STANDARD_LIBRARIES = YES;
				CODE_SIGN_STYLE = Automatic;
				CURRENT_PROJECT_VERSION = 1;
				DEVELOPMENT_TEAM = K83T4H8C92;
				GENERATE_INFOPLIST_FILE = YES;
				MARKETING_VERSION = 1.0;
				PRODUCT_BUNDLE_IDENTIFIER = com.lehi.habitsUITests;
				PRODUCT_NAME = "$(TARGET_NAME)";
				SWIFT_EMIT_LOC_STRINGS = NO;
				SWIFT_VERSION = 5.0;
				TARGETED_DEVICE_FAMILY = "1,2";
				TEST_TARGET_NAME = habits;
			};
			name = Debug;
		};
		E22633012B347C1F0058B5CC /* Release */ = {
			isa = XCBuildConfiguration;
			buildSettings = {
				ALWAYS_EMBED_SWIFT_STANDARD_LIBRARIES = YES;
				CODE_SIGN_STYLE = Automatic;
				CURRENT_PROJECT_VERSION = 1;
				DEVELOPMENT_TEAM = K83T4H8C92;
				GENERATE_INFOPLIST_FILE = YES;
				MARKETING_VERSION = 1.0;
				PRODUCT_BUNDLE_IDENTIFIER = com.lehi.habitsUITests;
				PRODUCT_NAME = "$(TARGET_NAME)";
				SWIFT_EMIT_LOC_STRINGS = NO;
				SWIFT_VERSION = 5.0;
				TARGETED_DEVICE_FAMILY = "1,2";
				TEST_TARGET_NAME = habits;
			};
			name = Release;
		};
/* End XCBuildConfiguration section */

/* Begin XCConfigurationList section */
		E22632CE2B347C1D0058B5CC /* Build configuration list for PBXProject "habits" */ = {
			isa = XCConfigurationList;
			buildConfigurations = (
				E22632F72B347C1F0058B5CC /* Debug */,
				E22632F82B347C1F0058B5CC /* Release */,
			);
			defaultConfigurationIsVisible = 0;
			defaultConfigurationName = Release;
		};
		E22632F92B347C1F0058B5CC /* Build configuration list for PBXNativeTarget "habits" */ = {
			isa = XCConfigurationList;
			buildConfigurations = (
				E22632FA2B347C1F0058B5CC /* Debug */,
				E22632FB2B347C1F0058B5CC /* Release */,
			);
			defaultConfigurationIsVisible = 0;
			defaultConfigurationName = Release;
		};
		E22632FC2B347C1F0058B5CC /* Build configuration list for PBXNativeTarget "habitsTests" */ = {
			isa = XCConfigurationList;
			buildConfigurations = (
				E22632FD2B347C1F0058B5CC /* Debug */,
				E22632FE2B347C1F0058B5CC /* Release */,
			);
			defaultConfigurationIsVisible = 0;
			defaultConfigurationName = Release;
		};
		E22632FF2B347C1F0058B5CC /* Build configuration list for PBXNativeTarget "habitsUITests" */ = {
			isa = XCConfigurationList;
			buildConfigurations = (
				E22633002B347C1F0058B5CC /* Debug */,
				E22633012B347C1F0058B5CC /* Release */,
			);
			defaultConfigurationIsVisible = 0;
			defaultConfigurationName = Release;
		};
/* End XCConfigurationList section */
	};
	rootObject = E22632CB2B347C1D0058B5CC /* Project object */;
}
