// !$*UTF8*$!
{
	archiveVersion = 1;
	classes = {
	};
	objectVersion = 56;
	objects = {

/* Begin PBXBuildFile section */
		E23216052B32460E001219C3 /* jokeApiApp.swift in Sources */ = {isa = PBXBuildFile; fileRef = E23216042B32460E001219C3 /* jokeApiApp.swift */; };
		E23216072B32460E001219C3 /* ContentView.swift in Sources */ = {isa = PBXBuildFile; fileRef = E23216062B32460E001219C3 /* ContentView.swift */; };
		E23216092B324611001219C3 /* Assets.xcassets in Resources */ = {isa = PBXBuildFile; fileRef = E23216082B324611001219C3 /* Assets.xcassets */; };
		E232160C2B324611001219C3 /* Preview Assets.xcassets in Resources */ = {isa = PBXBuildFile; fileRef = E232160B2B324611001219C3 /* Preview Assets.xcassets */; };
		E23216162B324611001219C3 /* jokeApiTests.swift in Sources */ = {isa = PBXBuildFile; fileRef = E23216152B324611001219C3 /* jokeApiTests.swift */; };
		E23216202B324611001219C3 /* jokeApiUITests.swift in Sources */ = {isa = PBXBuildFile; fileRef = E232161F2B324611001219C3 /* jokeApiUITests.swift */; };
		E23216222B324611001219C3 /* jokeApiUITestsLaunchTests.swift in Sources */ = {isa = PBXBuildFile; fileRef = E23216212B324611001219C3 /* jokeApiUITestsLaunchTests.swift */; };
/* End PBXBuildFile section */

/* Begin PBXContainerItemProxy section */
		E23216122B324611001219C3 /* PBXContainerItemProxy */ = {
			isa = PBXContainerItemProxy;
			containerPortal = E23215F92B32460E001219C3 /* Project object */;
			proxyType = 1;
			remoteGlobalIDString = E23216002B32460E001219C3;
			remoteInfo = jokeApi;
		};
		E232161C2B324611001219C3 /* PBXContainerItemProxy */ = {
			isa = PBXContainerItemProxy;
			containerPortal = E23215F92B32460E001219C3 /* Project object */;
			proxyType = 1;
			remoteGlobalIDString = E23216002B32460E001219C3;
			remoteInfo = jokeApi;
		};
/* End PBXContainerItemProxy section */

/* Begin PBXFileReference section */
		E23216012B32460E001219C3 /* jokeApi.app */ = {isa = PBXFileReference; explicitFileType = wrapper.application; includeInIndex = 0; path = jokeApi.app; sourceTree = BUILT_PRODUCTS_DIR; };
		E23216042B32460E001219C3 /* jokeApiApp.swift */ = {isa = PBXFileReference; lastKnownFileType = sourcecode.swift; path = jokeApiApp.swift; sourceTree = "<group>"; };
		E23216062B32460E001219C3 /* ContentView.swift */ = {isa = PBXFileReference; lastKnownFileType = sourcecode.swift; path = ContentView.swift; sourceTree = "<group>"; };
		E23216082B324611001219C3 /* Assets.xcassets */ = {isa = PBXFileReference; lastKnownFileType = folder.assetcatalog; path = Assets.xcassets; sourceTree = "<group>"; };
		E232160B2B324611001219C3 /* Preview Assets.xcassets */ = {isa = PBXFileReference; lastKnownFileType = folder.assetcatalog; path = "Preview Assets.xcassets"; sourceTree = "<group>"; };
		E23216112B324611001219C3 /* jokeApiTests.xctest */ = {isa = PBXFileReference; explicitFileType = wrapper.cfbundle; includeInIndex = 0; path = jokeApiTests.xctest; sourceTree = BUILT_PRODUCTS_DIR; };
		E23216152B324611001219C3 /* jokeApiTests.swift */ = {isa = PBXFileReference; lastKnownFileType = sourcecode.swift; path = jokeApiTests.swift; sourceTree = "<group>"; };
		E232161B2B324611001219C3 /* jokeApiUITests.xctest */ = {isa = PBXFileReference; explicitFileType = wrapper.cfbundle; includeInIndex = 0; path = jokeApiUITests.xctest; sourceTree = BUILT_PRODUCTS_DIR; };
		E232161F2B324611001219C3 /* jokeApiUITests.swift */ = {isa = PBXFileReference; lastKnownFileType = sourcecode.swift; path = jokeApiUITests.swift; sourceTree = "<group>"; };
		E23216212B324611001219C3 /* jokeApiUITestsLaunchTests.swift */ = {isa = PBXFileReference; lastKnownFileType = sourcecode.swift; path = jokeApiUITestsLaunchTests.swift; sourceTree = "<group>"; };
/* End PBXFileReference section */

/* Begin PBXFrameworksBuildPhase section */
		E23215FE2B32460E001219C3 /* Frameworks */ = {
			isa = PBXFrameworksBuildPhase;
			buildActionMask = 2147483647;
			files = (
			);
			runOnlyForDeploymentPostprocessing = 0;
		};
		E232160E2B324611001219C3 /* Frameworks */ = {
			isa = PBXFrameworksBuildPhase;
			buildActionMask = 2147483647;
			files = (
			);
			runOnlyForDeploymentPostprocessing = 0;
		};
		E23216182B324611001219C3 /* Frameworks */ = {
			isa = PBXFrameworksBuildPhase;
			buildActionMask = 2147483647;
			files = (
			);
			runOnlyForDeploymentPostprocessing = 0;
		};
/* End PBXFrameworksBuildPhase section */

/* Begin PBXGroup section */
		E23215F82B32460E001219C3 = {
			isa = PBXGroup;
			children = (
				E23216032B32460E001219C3 /* jokeApi */,
				E23216142B324611001219C3 /* jokeApiTests */,
				E232161E2B324611001219C3 /* jokeApiUITests */,
				E23216022B32460E001219C3 /* Products */,
			);
			sourceTree = "<group>";
		};
		E23216022B32460E001219C3 /* Products */ = {
			isa = PBXGroup;
			children = (
				E23216012B32460E001219C3 /* jokeApi.app */,
				E23216112B324611001219C3 /* jokeApiTests.xctest */,
				E232161B2B324611001219C3 /* jokeApiUITests.xctest */,
			);
			name = Products;
			sourceTree = "<group>";
		};
		E23216032B32460E001219C3 /* jokeApi */ = {
			isa = PBXGroup;
			children = (
				E23216042B32460E001219C3 /* jokeApiApp.swift */,
				E23216062B32460E001219C3 /* ContentView.swift */,
				E23216082B324611001219C3 /* Assets.xcassets */,
				E232160A2B324611001219C3 /* Preview Content */,
			);
			path = jokeApi;
			sourceTree = "<group>";
		};
		E232160A2B324611001219C3 /* Preview Content */ = {
			isa = PBXGroup;
			children = (
				E232160B2B324611001219C3 /* Preview Assets.xcassets */,
			);
			path = "Preview Content";
			sourceTree = "<group>";
		};
		E23216142B324611001219C3 /* jokeApiTests */ = {
			isa = PBXGroup;
			children = (
				E23216152B324611001219C3 /* jokeApiTests.swift */,
			);
			path = jokeApiTests;
			sourceTree = "<group>";
		};
		E232161E2B324611001219C3 /* jokeApiUITests */ = {
			isa = PBXGroup;
			children = (
				E232161F2B324611001219C3 /* jokeApiUITests.swift */,
				E23216212B324611001219C3 /* jokeApiUITestsLaunchTests.swift */,
			);
			path = jokeApiUITests;
			sourceTree = "<group>";
		};
/* End PBXGroup section */

/* Begin PBXNativeTarget section */
		E23216002B32460E001219C3 /* jokeApi */ = {
			isa = PBXNativeTarget;
			buildConfigurationList = E23216252B324611001219C3 /* Build configuration list for PBXNativeTarget "jokeApi" */;
			buildPhases = (
				E23215FD2B32460E001219C3 /* Sources */,
				E23215FE2B32460E001219C3 /* Frameworks */,
				E23215FF2B32460E001219C3 /* Resources */,
			);
			buildRules = (
			);
			dependencies = (
			);
			name = jokeApi;
			productName = jokeApi;
			productReference = E23216012B32460E001219C3 /* jokeApi.app */;
			productType = "com.apple.product-type.application";
		};
		E23216102B324611001219C3 /* jokeApiTests */ = {
			isa = PBXNativeTarget;
			buildConfigurationList = E23216282B324611001219C3 /* Build configuration list for PBXNativeTarget "jokeApiTests" */;
			buildPhases = (
				E232160D2B324611001219C3 /* Sources */,
				E232160E2B324611001219C3 /* Frameworks */,
				E232160F2B324611001219C3 /* Resources */,
			);
			buildRules = (
			);
			dependencies = (
				E23216132B324611001219C3 /* PBXTargetDependency */,
			);
			name = jokeApiTests;
			productName = jokeApiTests;
			productReference = E23216112B324611001219C3 /* jokeApiTests.xctest */;
			productType = "com.apple.product-type.bundle.unit-test";
		};
		E232161A2B324611001219C3 /* jokeApiUITests */ = {
			isa = PBXNativeTarget;
			buildConfigurationList = E232162B2B324611001219C3 /* Build configuration list for PBXNativeTarget "jokeApiUITests" */;
			buildPhases = (
				E23216172B324611001219C3 /* Sources */,
				E23216182B324611001219C3 /* Frameworks */,
				E23216192B324611001219C3 /* Resources */,
			);
			buildRules = (
			);
			dependencies = (
				E232161D2B324611001219C3 /* PBXTargetDependency */,
			);
			name = jokeApiUITests;
			productName = jokeApiUITests;
			productReference = E232161B2B324611001219C3 /* jokeApiUITests.xctest */;
			productType = "com.apple.product-type.bundle.ui-testing";
		};
/* End PBXNativeTarget section */

/* Begin PBXProject section */
		E23215F92B32460E001219C3 /* Project object */ = {
			isa = PBXProject;
			attributes = {
				BuildIndependentTargetsInParallel = 1;
				LastSwiftUpdateCheck = 1510;
				LastUpgradeCheck = 1510;
				TargetAttributes = {
					E23216002B32460E001219C3 = {
						CreatedOnToolsVersion = 15.1;
					};
					E23216102B324611001219C3 = {
						CreatedOnToolsVersion = 15.1;
						TestTargetID = E23216002B32460E001219C3;
					};
					E232161A2B324611001219C3 = {
						CreatedOnToolsVersion = 15.1;
						TestTargetID = E23216002B32460E001219C3;
					};
				};
			};
			buildConfigurationList = E23215FC2B32460E001219C3 /* Build configuration list for PBXProject "jokeApi" */;
			compatibilityVersion = "Xcode 14.0";
			developmentRegion = en;
			hasScannedForEncodings = 0;
			knownRegions = (
				en,
				Base,
			);
			mainGroup = E23215F82B32460E001219C3;
			productRefGroup = E23216022B32460E001219C3 /* Products */;
			projectDirPath = "";
			projectRoot = "";
			targets = (
				E23216002B32460E001219C3 /* jokeApi */,
				E23216102B324611001219C3 /* jokeApiTests */,
				E232161A2B324611001219C3 /* jokeApiUITests */,
			);
		};
/* End PBXProject section */

/* Begin PBXResourcesBuildPhase section */
		E23215FF2B32460E001219C3 /* Resources */ = {
			isa = PBXResourcesBuildPhase;
			buildActionMask = 2147483647;
			files = (
				E232160C2B324611001219C3 /* Preview Assets.xcassets in Resources */,
				E23216092B324611001219C3 /* Assets.xcassets in Resources */,
			);
			runOnlyForDeploymentPostprocessing = 0;
		};
		E232160F2B324611001219C3 /* Resources */ = {
			isa = PBXResourcesBuildPhase;
			buildActionMask = 2147483647;
			files = (
			);
			runOnlyForDeploymentPostprocessing = 0;
		};
		E23216192B324611001219C3 /* Resources */ = {
			isa = PBXResourcesBuildPhase;
			buildActionMask = 2147483647;
			files = (
			);
			runOnlyForDeploymentPostprocessing = 0;
		};
/* End PBXResourcesBuildPhase section */

/* Begin PBXSourcesBuildPhase section */
		E23215FD2B32460E001219C3 /* Sources */ = {
			isa = PBXSourcesBuildPhase;
			buildActionMask = 2147483647;
			files = (
				E23216072B32460E001219C3 /* ContentView.swift in Sources */,
				E23216052B32460E001219C3 /* jokeApiApp.swift in Sources */,
			);
			runOnlyForDeploymentPostprocessing = 0;
		};
		E232160D2B324611001219C3 /* Sources */ = {
			isa = PBXSourcesBuildPhase;
			buildActionMask = 2147483647;
			files = (
				E23216162B324611001219C3 /* jokeApiTests.swift in Sources */,
			);
			runOnlyForDeploymentPostprocessing = 0;
		};
		E23216172B324611001219C3 /* Sources */ = {
			isa = PBXSourcesBuildPhase;
			buildActionMask = 2147483647;
			files = (
				E23216222B324611001219C3 /* jokeApiUITestsLaunchTests.swift in Sources */,
				E23216202B324611001219C3 /* jokeApiUITests.swift in Sources */,
			);
			runOnlyForDeploymentPostprocessing = 0;
		};
/* End PBXSourcesBuildPhase section */

/* Begin PBXTargetDependency section */
		E23216132B324611001219C3 /* PBXTargetDependency */ = {
			isa = PBXTargetDependency;
			target = E23216002B32460E001219C3 /* jokeApi */;
			targetProxy = E23216122B324611001219C3 /* PBXContainerItemProxy */;
		};
		E232161D2B324611001219C3 /* PBXTargetDependency */ = {
			isa = PBXTargetDependency;
			target = E23216002B32460E001219C3 /* jokeApi */;
			targetProxy = E232161C2B324611001219C3 /* PBXContainerItemProxy */;
		};
/* End PBXTargetDependency section */

/* Begin XCBuildConfiguration section */
		E23216232B324611001219C3 /* Debug */ = {
			isa = XCBuildConfiguration;
			buildSettings = {
				ALWAYS_SEARCH_USER_PATHS = NO;
				ASSETCATALOG_COMPILER_GENERATE_SWIFT_ASSET_SYMBOL_EXTENSIONS = YES;
				CLANG_ANALYZER_NONNULL = YES;
				CLANG_ANALYZER_NUMBER_OBJECT_CONVERSION = YES_AGGRESSIVE;
				CLANG_CXX_LANGUAGE_STANDARD = "gnu++20";
				CLANG_ENABLE_MODULES = YES;
				CLANG_ENABLE_OBJC_ARC = YES;
				CLANG_ENABLE_OBJC_WEAK = YES;
				CLANG_WARN_BLOCK_CAPTURE_AUTORELEASING = YES;
				CLANG_WARN_BOOL_CONVERSION = YES;
				CLANG_WARN_COMMA = YES;
				CLANG_WARN_CONSTANT_CONVERSION = YES;
				CLANG_WARN_DEPRECATED_OBJC_IMPLEMENTATIONS = YES;
				CLANG_WARN_DIRECT_OBJC_ISA_USAGE = YES_ERROR;
				CLANG_WARN_DOCUMENTATION_COMMENTS = YES;
				CLANG_WARN_EMPTY_BODY = YES;
				CLANG_WARN_ENUM_CONVERSION = YES;
				CLANG_WARN_INFINITE_RECURSION = YES;
				CLANG_WARN_INT_CONVERSION = YES;
				CLANG_WARN_NON_LITERAL_NULL_CONVERSION = YES;
				CLANG_WARN_OBJC_IMPLICIT_RETAIN_SELF = YES;
				CLANG_WARN_OBJC_LITERAL_CONVERSION = YES;
				CLANG_WARN_OBJC_ROOT_CLASS = YES_ERROR;
				CLANG_WARN_QUOTED_INCLUDE_IN_FRAMEWORK_HEADER = YES;
				CLANG_WARN_RANGE_LOOP_ANALYSIS = YES;
				CLANG_WARN_STRICT_PROTOTYPES = YES;
				CLANG_WARN_SUSPICIOUS_MOVE = YES;
				CLANG_WARN_UNGUARDED_AVAILABILITY = YES_AGGRESSIVE;
				CLANG_WARN_UNREACHABLE_CODE = YES;
				CLANG_WARN__DUPLICATE_METHOD_MATCH = YES;
				COPY_PHASE_STRIP = NO;
				DEBUG_INFORMATION_FORMAT = dwarf;
				ENABLE_STRICT_OBJC_MSGSEND = YES;
				ENABLE_TESTABILITY = YES;
				ENABLE_USER_SCRIPT_SANDBOXING = YES;
				GCC_C_LANGUAGE_STANDARD = gnu17;
				GCC_DYNAMIC_NO_PIC = NO;
				GCC_NO_COMMON_BLOCKS = YES;
				GCC_OPTIMIZATION_LEVEL = 0;
				GCC_PREPROCESSOR_DEFINITIONS = (
					"DEBUG=1",
					"$(inherited)",
				);
				GCC_WARN_64_TO_32_BIT_CONVERSION = YES;
				GCC_WARN_ABOUT_RETURN_TYPE = YES_ERROR;
				GCC_WARN_UNDECLARED_SELECTOR = YES;
				GCC_WARN_UNINITIALIZED_AUTOS = YES_AGGRESSIVE;
				GCC_WARN_UNUSED_FUNCTION = YES;
				GCC_WARN_UNUSED_VARIABLE = YES;
				IPHONEOS_DEPLOYMENT_TARGET = 17.2;
				LOCALIZATION_PREFERS_STRING_CATALOGS = YES;
				MTL_ENABLE_DEBUG_INFO = INCLUDE_SOURCE;
				MTL_FAST_MATH = YES;
				ONLY_ACTIVE_ARCH = YES;
				SDKROOT = iphoneos;
				SWIFT_ACTIVE_COMPILATION_CONDITIONS = "DEBUG $(inherited)";
				SWIFT_OPTIMIZATION_LEVEL = "-Onone";
			};
			name = Debug;
		};
		E23216242B324611001219C3 /* Release */ = {
			isa = XCBuildConfiguration;
			buildSettings = {
				ALWAYS_SEARCH_USER_PATHS = NO;
				ASSETCATALOG_COMPILER_GENERATE_SWIFT_ASSET_SYMBOL_EXTENSIONS = YES;
				CLANG_ANALYZER_NONNULL = YES;
				CLANG_ANALYZER_NUMBER_OBJECT_CONVERSION = YES_AGGRESSIVE;
				CLANG_CXX_LANGUAGE_STANDARD = "gnu++20";
				CLANG_ENABLE_MODULES = YES;
				CLANG_ENABLE_OBJC_ARC = YES;
				CLANG_ENABLE_OBJC_WEAK = YES;
				CLANG_WARN_BLOCK_CAPTURE_AUTORELEASING = YES;
				CLANG_WARN_BOOL_CONVERSION = YES;
				CLANG_WARN_COMMA = YES;
				CLANG_WARN_CONSTANT_CONVERSION = YES;
				CLANG_WARN_DEPRECATED_OBJC_IMPLEMENTATIONS = YES;
				CLANG_WARN_DIRECT_OBJC_ISA_USAGE = YES_ERROR;
				CLANG_WARN_DOCUMENTATION_COMMENTS = YES;
				CLANG_WARN_EMPTY_BODY = YES;
				CLANG_WARN_ENUM_CONVERSION = YES;
				CLANG_WARN_INFINITE_RECURSION = YES;
				CLANG_WARN_INT_CONVERSION = YES;
				CLANG_WARN_NON_LITERAL_NULL_CONVERSION = YES;
				CLANG_WARN_OBJC_IMPLICIT_RETAIN_SELF = YES;
				CLANG_WARN_OBJC_LITERAL_CONVERSION = YES;
				CLANG_WARN_OBJC_ROOT_CLASS = YES_ERROR;
				CLANG_WARN_QUOTED_INCLUDE_IN_FRAMEWORK_HEADER = YES;
				CLANG_WARN_RANGE_LOOP_ANALYSIS = YES;
				CLANG_WARN_STRICT_PROTOTYPES = YES;
				CLANG_WARN_SUSPICIOUS_MOVE = YES;
				CLANG_WARN_UNGUARDED_AVAILABILITY = YES_AGGRESSIVE;
				CLANG_WARN_UNREACHABLE_CODE = YES;
				CLANG_WARN__DUPLICATE_METHOD_MATCH = YES;
				COPY_PHASE_STRIP = NO;
				DEBUG_INFORMATION_FORMAT = "dwarf-with-dsym";
				ENABLE_NS_ASSERTIONS = NO;
				ENABLE_STRICT_OBJC_MSGSEND = YES;
				ENABLE_USER_SCRIPT_SANDBOXING = YES;
				GCC_C_LANGUAGE_STANDARD = gnu17;
				GCC_NO_COMMON_BLOCKS = YES;
				GCC_WARN_64_TO_32_BIT_CONVERSION = YES;
				GCC_WARN_ABOUT_RETURN_TYPE = YES_ERROR;
				GCC_WARN_UNDECLARED_SELECTOR = YES;
				GCC_WARN_UNINITIALIZED_AUTOS = YES_AGGRESSIVE;
				GCC_WARN_UNUSED_FUNCTION = YES;
				GCC_WARN_UNUSED_VARIABLE = YES;
				IPHONEOS_DEPLOYMENT_TARGET = 17.2;
				LOCALIZATION_PREFERS_STRING_CATALOGS = YES;
				MTL_ENABLE_DEBUG_INFO = NO;
				MTL_FAST_MATH = YES;
				SDKROOT = iphoneos;
				SWIFT_COMPILATION_MODE = wholemodule;
				VALIDATE_PRODUCT = YES;
			};
			name = Release;
		};
		E23216262B324611001219C3 /* Debug */ = {
			isa = XCBuildConfiguration;
			buildSettings = {
				ASSETCATALOG_COMPILER_APPICON_NAME = AppIcon;
				ASSETCATALOG_COMPILER_GLOBAL_ACCENT_COLOR_NAME = AccentColor;
				CODE_SIGN_STYLE = Automatic;
				CURRENT_PROJECT_VERSION = 1;
				DEVELOPMENT_ASSET_PATHS = "\"jokeApi/Preview Content\"";
				DEVELOPMENT_TEAM = K83T4H8C92;
				ENABLE_PREVIEWS = YES;
				GENERATE_INFOPLIST_FILE = YES;
				INFOPLIST_KEY_UIApplicationSceneManifest_Generation = YES;
				INFOPLIST_KEY_UIApplicationSupportsIndirectInputEvents = YES;
				INFOPLIST_KEY_UILaunchScreen_Generation = YES;
				INFOPLIST_KEY_UISupportedInterfaceOrientations_iPad = "UIInterfaceOrientationPortrait UIInterfaceOrientationPortraitUpsideDown UIInterfaceOrientationLandscapeLeft UIInterfaceOrientationLandscapeRight";
				INFOPLIST_KEY_UISupportedInterfaceOrientations_iPhone = "UIInterfaceOrientationPortrait UIInterfaceOrientationLandscapeLeft UIInterfaceOrientationLandscapeRight";
				LD_RUNPATH_SEARCH_PATHS = (
					"$(inherited)",
					"@executable_path/Frameworks",
				);
				MARKETING_VERSION = 1.0;
				PRODUCT_BUNDLE_IDENTIFIER = com.lehi.jokeApi;
				PRODUCT_NAME = "$(TARGET_NAME)";
				SWIFT_EMIT_LOC_STRINGS = YES;
				SWIFT_VERSION = 5.0;
				TARGETED_DEVICE_FAMILY = "1,2";
			};
			name = Debug;
		};
		E23216272B324611001219C3 /* Release */ = {
			isa = XCBuildConfiguration;
			buildSettings = {
				ASSETCATALOG_COMPILER_APPICON_NAME = AppIcon;
				ASSETCATALOG_COMPILER_GLOBAL_ACCENT_COLOR_NAME = AccentColor;
				CODE_SIGN_STYLE = Automatic;
				CURRENT_PROJECT_VERSION = 1;
				DEVELOPMENT_ASSET_PATHS = "\"jokeApi/Preview Content\"";
				DEVELOPMENT_TEAM = K83T4H8C92;
				ENABLE_PREVIEWS = YES;
				GENERATE_INFOPLIST_FILE = YES;
				INFOPLIST_KEY_UIApplicationSceneManifest_Generation = YES;
				INFOPLIST_KEY_UIApplicationSupportsIndirectInputEvents = YES;
				INFOPLIST_KEY_UILaunchScreen_Generation = YES;
				INFOPLIST_KEY_UISupportedInterfaceOrientations_iPad = "UIInterfaceOrientationPortrait UIInterfaceOrientationPortraitUpsideDown UIInterfaceOrientationLandscapeLeft UIInterfaceOrientationLandscapeRight";
				INFOPLIST_KEY_UISupportedInterfaceOrientations_iPhone = "UIInterfaceOrientationPortrait UIInterfaceOrientationLandscapeLeft UIInterfaceOrientationLandscapeRight";
				LD_RUNPATH_SEARCH_PATHS = (
					"$(inherited)",
					"@executable_path/Frameworks",
				);
				MARKETING_VERSION = 1.0;
				PRODUCT_BUNDLE_IDENTIFIER = com.lehi.jokeApi;
				PRODUCT_NAME = "$(TARGET_NAME)";
				SWIFT_EMIT_LOC_STRINGS = YES;
				SWIFT_VERSION = 5.0;
				TARGETED_DEVICE_FAMILY = "1,2";
			};
			name = Release;
		};
		E23216292B324611001219C3 /* Debug */ = {
			isa = XCBuildConfiguration;
			buildSettings = {
				ALWAYS_EMBED_SWIFT_STANDARD_LIBRARIES = YES;
				BUNDLE_LOADER = "$(TEST_HOST)";
				CODE_SIGN_STYLE = Automatic;
				CURRENT_PROJECT_VERSION = 1;
				DEVELOPMENT_TEAM = K83T4H8C92;
				GENERATE_INFOPLIST_FILE = YES;
				IPHONEOS_DEPLOYMENT_TARGET = 17.2;
				MARKETING_VERSION = 1.0;
				PRODUCT_BUNDLE_IDENTIFIER = com.lehi.jokeApiTests;
				PRODUCT_NAME = "$(TARGET_NAME)";
				SWIFT_EMIT_LOC_STRINGS = NO;
				SWIFT_VERSION = 5.0;
				TARGETED_DEVICE_FAMILY = "1,2";
				TEST_HOST = "$(BUILT_PRODUCTS_DIR)/jokeApi.app/$(BUNDLE_EXECUTABLE_FOLDER_PATH)/jokeApi";
			};
			name = Debug;
		};
		E232162A2B324611001219C3 /* Release */ = {
			isa = XCBuildConfiguration;
			buildSettings = {
				ALWAYS_EMBED_SWIFT_STANDARD_LIBRARIES = YES;
				BUNDLE_LOADER = "$(TEST_HOST)";
				CODE_SIGN_STYLE = Automatic;
				CURRENT_PROJECT_VERSION = 1;
				DEVELOPMENT_TEAM = K83T4H8C92;
				GENERATE_INFOPLIST_FILE = YES;
				IPHONEOS_DEPLOYMENT_TARGET = 17.2;
				MARKETING_VERSION = 1.0;
				PRODUCT_BUNDLE_IDENTIFIER = com.lehi.jokeApiTests;
				PRODUCT_NAME = "$(TARGET_NAME)";
				SWIFT_EMIT_LOC_STRINGS = NO;
				SWIFT_VERSION = 5.0;
				TARGETED_DEVICE_FAMILY = "1,2";
				TEST_HOST = "$(BUILT_PRODUCTS_DIR)/jokeApi.app/$(BUNDLE_EXECUTABLE_FOLDER_PATH)/jokeApi";
			};
			name = Release;
		};
		E232162C2B324611001219C3 /* Debug */ = {
			isa = XCBuildConfiguration;
			buildSettings = {
				ALWAYS_EMBED_SWIFT_STANDARD_LIBRARIES = YES;
				CODE_SIGN_STYLE = Automatic;
				CURRENT_PROJECT_VERSION = 1;
				DEVELOPMENT_TEAM = K83T4H8C92;
				GENERATE_INFOPLIST_FILE = YES;
				MARKETING_VERSION = 1.0;
				PRODUCT_BUNDLE_IDENTIFIER = com.lehi.jokeApiUITests;
				PRODUCT_NAME = "$(TARGET_NAME)";
				SWIFT_EMIT_LOC_STRINGS = NO;
				SWIFT_VERSION = 5.0;
				TARGETED_DEVICE_FAMILY = "1,2";
				TEST_TARGET_NAME = jokeApi;
			};
			name = Debug;
		};
		E232162D2B324611001219C3 /* Release */ = {
			isa = XCBuildConfiguration;
			buildSettings = {
				ALWAYS_EMBED_SWIFT_STANDARD_LIBRARIES = YES;
				CODE_SIGN_STYLE = Automatic;
				CURRENT_PROJECT_VERSION = 1;
				DEVELOPMENT_TEAM = K83T4H8C92;
				GENERATE_INFOPLIST_FILE = YES;
				MARKETING_VERSION = 1.0;
				PRODUCT_BUNDLE_IDENTIFIER = com.lehi.jokeApiUITests;
				PRODUCT_NAME = "$(TARGET_NAME)";
				SWIFT_EMIT_LOC_STRINGS = NO;
				SWIFT_VERSION = 5.0;
				TARGETED_DEVICE_FAMILY = "1,2";
				TEST_TARGET_NAME = jokeApi;
			};
			name = Release;
		};
/* End XCBuildConfiguration section */

/* Begin XCConfigurationList section */
		E23215FC2B32460E001219C3 /* Build configuration list for PBXProject "jokeApi" */ = {
			isa = XCConfigurationList;
			buildConfigurations = (
				E23216232B324611001219C3 /* Debug */,
				E23216242B324611001219C3 /* Release */,
			);
			defaultConfigurationIsVisible = 0;
			defaultConfigurationName = Release;
		};
		E23216252B324611001219C3 /* Build configuration list for PBXNativeTarget "jokeApi" */ = {
			isa = XCConfigurationList;
			buildConfigurations = (
				E23216262B324611001219C3 /* Debug */,
				E23216272B324611001219C3 /* Release */,
			);
			defaultConfigurationIsVisible = 0;
			defaultConfigurationName = Release;
		};
		E23216282B324611001219C3 /* Build configuration list for PBXNativeTarget "jokeApiTests" */ = {
			isa = XCConfigurationList;
			buildConfigurations = (
				E23216292B324611001219C3 /* Debug */,
				E232162A2B324611001219C3 /* Release */,
			);
			defaultConfigurationIsVisible = 0;
			defaultConfigurationName = Release;
		};
		E232162B2B324611001219C3 /* Build configuration list for PBXNativeTarget "jokeApiUITests" */ = {
			isa = XCConfigurationList;
			buildConfigurations = (
				E232162C2B324611001219C3 /* Debug */,
				E232162D2B324611001219C3 /* Release */,
			);
			defaultConfigurationIsVisible = 0;
			defaultConfigurationName = Release;
		};
/* End XCConfigurationList section */
	};
	rootObject = E23215F92B32460E001219C3 /* Project object */;
}
