{
  "pins" : [
    {
      "identity" : "helpers",
      "kind" : "remoteSourceControl",
      "location" : "https://github.com/toastersocks/Helpers.git",
      "state" : {
        "revision" : "ae8fe3d43f72082cd4a67a0e9791fa982aa90d54",
        "version" : "0.6.0"
      }
    },
    {
      "identity" : "multipicker",
      "kind" : "remoteSourceControl",
      "location" : "https://github.com/toastersocks/MultiPicker.git",
      "state" : {
        "branch" : "main",
        "revision" : "fe4b14ca6556ee9f71d1a4475f2f229cc7d2f5d8"
      }
    }
  ],
  "version" : 2
}
